
Microsoft Visual Studio Solution File, Format Version 12.00
# Visual Studio Version 16
VisualStudioVersion = 16.0.30413.136
MinimumVisualStudioVersion = 10.0.40219.1
Project("{FAE04EC0-301F-11D3-BF4B-00C04F79EFBC}") = "AE_Util_skelton", "AE_Util_skelton\AE_Util_skelton.csproj", "{831CCEAB-566A-4C07-B29C-8195AD08BFCF}"
EndProject
Project("{FAE04EC0-301F-11D3-BF4B-00C04F79EFBC}") = "AE_Expression_CopyPaste", "AE_Expression_CopyPaste\AE_Expression_CopyPaste.csproj", "{34038CC6-6FFA-4D72-BA30-8A63D6511F33}"
EndProject
Project("{FAE04EC0-301F-11D3-BF4B-00C04F79EFBC}") = "AE_ColorPalette", "AE_ColorPalette\AE_ColorPalette.csproj", "{79D3754E-9534-4F40-8516-30CD9215289D}"
EndProject
Project("{FAE04EC0-301F-11D3-BF4B-00C04F79EFBC}") = "AE_Calc", "AE_Calc\AE_Calc.csproj", "{79B6551D-46F6-4779-89F3-1474484F7B76}"
EndProject
Project("{FAE04EC0-301F-11D3-BF4B-00C04F79EFBC}") = "aeclip", "aeclip\aeclip.csproj", "{7DC50DB8-0AD4-4DD2-8190-607CA6C98FC1}"
EndProject
Project("{FAE04EC0-301F-11D3-BF4B-00C04F79EFBC}") = "AE_ImageViewer", "AE_ImageViewer\AE_ImageViewer.csproj", "{E83F8723-D0E9-46B5-9747-230FF903200B}"
EndProject
Project("{FAE04EC0-301F-11D3-BF4B-00C04F79EFBC}") = "AE_Menu", "AE_Menu\AE_Menu.csproj", "{7C50A9E5-657A-49C0-ADEF-0596CA2DAC1B}"
EndProject
Project("{FAE04EC0-301F-11D3-BF4B-00C04F79EFBC}") = "MousePos", "MousePos\MousePos.csproj", "{48FDEC66-F431-4BAF-9ED1-5F4D8B05F113}"
EndProject
Project("{FAE04EC0-301F-11D3-BF4B-00C04F79EFBC}") = "aeWin", "aeWin\aeWin.csproj", "{1EAFC632-FB2E-473E-8685-D4DC3C623505}"
EndProject
Project("{FAE04EC0-301F-11D3-BF4B-00C04F79EFBC}") = "aeStatus", "aeStatus\aeStatus.csproj", "{453FCF35-F67A-42A2-8BC3-CAE334C52747}"
EndProject
Project("{FAE04EC0-301F-11D3-BF4B-00C04F79EFBC}") = "AfterFXControl", "AfterFXControl\AfterFXControl.csproj", "{A8F77B81-0C38-4B82-B843-C6A328F7EB55}"
EndProject
Project("{FAE04EC0-301F-11D3-BF4B-00C04F79EFBC}") = "Alert", "Alert\Alert.csproj", "{474E0061-ADAD-4A2F-B2AA-E13EE07D2157}"
EndProject
Project("{FAE04EC0-301F-11D3-BF4B-00C04F79EFBC}") = "AlertCall", "AlertCall\AlertCall.csproj", "{D7047F27-8190-4B40-87CA-AA9E3DE42579}"
EndProject
Global
	GlobalSection(SolutionConfigurationPlatforms) = preSolution
		Ad-Hoc|Any CPU = Ad-Hoc|Any CPU
		Ad-Hoc|ARM = Ad-Hoc|ARM
		Ad-Hoc|ARM64 = Ad-Hoc|ARM64
		Ad-Hoc|iPhone = Ad-Hoc|iPhone
		Ad-Hoc|iPhoneSimulator = Ad-Hoc|iPhoneSimulator
		Ad-Hoc|x64 = Ad-Hoc|x64
		Ad-Hoc|x86 = Ad-Hoc|x86
		AppStore|Any CPU = AppStore|Any CPU
		AppStore|ARM = AppStore|ARM
		AppStore|ARM64 = AppStore|ARM64
		AppStore|iPhone = AppStore|iPhone
		AppStore|iPhoneSimulator = AppStore|iPhoneSimulator
		AppStore|x64 = AppStore|x64
		AppStore|x86 = AppStore|x86
		Debug|Any CPU = Debug|Any CPU
		Debug|ARM = Debug|ARM
		Debug|ARM64 = Debug|ARM64
		Debug|iPhone = Debug|iPhone
		Debug|iPhoneSimulator = Debug|iPhoneSimulator
		Debug|x64 = Debug|x64
		Debug|x86 = Debug|x86
		Release|Any CPU = Release|Any CPU
		Release|ARM = Release|ARM
		Release|ARM64 = Release|ARM64
		Release|iPhone = Release|iPhone
		Release|iPhoneSimulator = Release|iPhoneSimulator
		Release|x64 = Release|x64
		Release|x86 = Release|x86
	EndGlobalSection
	GlobalSection(ProjectConfigurationPlatforms) = postSolution
		{831CCEAB-566A-4C07-B29C-8195AD08BFCF}.Ad-Hoc|Any CPU.ActiveCfg = Release|Any CPU
		{831CCEAB-566A-4C07-B29C-8195AD08BFCF}.Ad-Hoc|Any CPU.Build.0 = Release|Any CPU
		{831CCEAB-566A-4C07-B29C-8195AD08BFCF}.Ad-Hoc|ARM.ActiveCfg = Release|Any CPU
		{831CCEAB-566A-4C07-B29C-8195AD08BFCF}.Ad-Hoc|ARM.Build.0 = Release|Any CPU
		{831CCEAB-566A-4C07-B29C-8195AD08BFCF}.Ad-Hoc|ARM64.ActiveCfg = Release|Any CPU
		{831CCEAB-566A-4C07-B29C-8195AD08BFCF}.Ad-Hoc|ARM64.Build.0 = Release|Any CPU
		{831CCEAB-566A-4C07-B29C-8195AD08BFCF}.Ad-Hoc|iPhone.ActiveCfg = Release|Any CPU
		{831CCEAB-566A-4C07-B29C-8195AD08BFCF}.Ad-Hoc|iPhone.Build.0 = Release|Any CPU
		{831CCEAB-566A-4C07-B29C-8195AD08BFCF}.Ad-Hoc|iPhoneSimulator.ActiveCfg = Release|Any CPU
		{831CCEAB-566A-4C07-B29C-8195AD08BFCF}.Ad-Hoc|iPhoneSimulator.Build.0 = Release|Any CPU
		{831CCEAB-566A-4C07-B29C-8195AD08BFCF}.Ad-Hoc|x64.ActiveCfg = Debug|x64
		{831CCEAB-566A-4C07-B29C-8195AD08BFCF}.Ad-Hoc|x64.Build.0 = Debug|x64
		{831CCEAB-566A-4C07-B29C-8195AD08BFCF}.Ad-Hoc|x86.ActiveCfg = Release|x86
		{831CCEAB-566A-4C07-B29C-8195AD08BFCF}.Ad-Hoc|x86.Build.0 = Release|x86
		{831CCEAB-566A-4C07-B29C-8195AD08BFCF}.AppStore|Any CPU.ActiveCfg = Release|Any CPU
		{831CCEAB-566A-4C07-B29C-8195AD08BFCF}.AppStore|Any CPU.Build.0 = Release|Any CPU
		{831CCEAB-566A-4C07-B29C-8195AD08BFCF}.AppStore|ARM.ActiveCfg = Release|Any CPU
		{831CCEAB-566A-4C07-B29C-8195AD08BFCF}.AppStore|ARM.Build.0 = Release|Any CPU
		{831CCEAB-566A-4C07-B29C-8195AD08BFCF}.AppStore|ARM64.ActiveCfg = Release|Any CPU
		{831CCEAB-566A-4C07-B29C-8195AD08BFCF}.AppStore|ARM64.Build.0 = Release|Any CPU
		{831CCEAB-566A-4C07-B29C-8195AD08BFCF}.AppStore|iPhone.ActiveCfg = Release|Any CPU
		{831CCEAB-566A-4C07-B29C-8195AD08BFCF}.AppStore|iPhone.Build.0 = Release|Any CPU
		{831CCEAB-566A-4C07-B29C-8195AD08BFCF}.AppStore|iPhoneSimulator.ActiveCfg = Release|Any CPU
		{831CCEAB-566A-4C07-B29C-8195AD08BFCF}.AppStore|iPhoneSimulator.Build.0 = Release|Any CPU
		{831CCEAB-566A-4C07-B29C-8195AD08BFCF}.AppStore|x64.ActiveCfg = Debug|x64
		{831CCEAB-566A-4C07-B29C-8195AD08BFCF}.AppStore|x64.Build.0 = Debug|x64
		{831CCEAB-566A-4C07-B29C-8195AD08BFCF}.AppStore|x86.ActiveCfg = Release|x86
		{831CCEAB-566A-4C07-B29C-8195AD08BFCF}.AppStore|x86.Build.0 = Release|x86
		{831CCEAB-566A-4C07-B29C-8195AD08BFCF}.Debug|Any CPU.ActiveCfg = Debug|Any CPU
		{831CCEAB-566A-4C07-B29C-8195AD08BFCF}.Debug|Any CPU.Build.0 = Debug|Any CPU
		{831CCEAB-566A-4C07-B29C-8195AD08BFCF}.Debug|ARM.ActiveCfg = Debug|Any CPU
		{831CCEAB-566A-4C07-B29C-8195AD08BFCF}.Debug|ARM.Build.0 = Debug|Any CPU
		{831CCEAB-566A-4C07-B29C-8195AD08BFCF}.Debug|ARM64.ActiveCfg = Debug|Any CPU
		{831CCEAB-566A-4C07-B29C-8195AD08BFCF}.Debug|ARM64.Build.0 = Debug|Any CPU
		{831CCEAB-566A-4C07-B29C-8195AD08BFCF}.Debug|iPhone.ActiveCfg = Debug|Any CPU
		{831CCEAB-566A-4C07-B29C-8195AD08BFCF}.Debug|iPhone.Build.0 = Debug|Any CPU
		{831CCEAB-566A-4C07-B29C-8195AD08BFCF}.Debug|iPhoneSimulator.ActiveCfg = Debug|Any CPU
		{831CCEAB-566A-4C07-B29C-8195AD08BFCF}.Debug|iPhoneSimulator.Build.0 = Debug|Any CPU
		{831CCEAB-566A-4C07-B29C-8195AD08BFCF}.Debug|x64.ActiveCfg = Debug|Any CPU
		{831CCEAB-566A-4C07-B29C-8195AD08BFCF}.Debug|x64.Build.0 = Debug|Any CPU
		{831CCEAB-566A-4C07-B29C-8195AD08BFCF}.Debug|x86.ActiveCfg = Debug|x86
		{831CCEAB-566A-4C07-B29C-8195AD08BFCF}.Debug|x86.Build.0 = Debug|x86
		{831CCEAB-566A-4C07-B29C-8195AD08BFCF}.Release|Any CPU.ActiveCfg = Release|Any CPU
		{831CCEAB-566A-4C07-B29C-8195AD08BFCF}.Release|Any CPU.Build.0 = Release|Any CPU
		{831CCEAB-566A-4C07-B29C-8195AD08BFCF}.Release|ARM.ActiveCfg = Release|Any CPU
		{831CCEAB-566A-4C07-B29C-8195AD08BFCF}.Release|ARM.Build.0 = Release|Any CPU
		{831CCEAB-566A-4C07-B29C-8195AD08BFCF}.Release|ARM64.ActiveCfg = Release|Any CPU
		{831CCEAB-566A-4C07-B29C-8195AD08BFCF}.Release|ARM64.Build.0 = Release|Any CPU
		{831CCEAB-566A-4C07-B29C-8195AD08BFCF}.Release|iPhone.ActiveCfg = Release|Any CPU
		{831CCEAB-566A-4C07-B29C-8195AD08BFCF}.Release|iPhone.Build.0 = Release|Any CPU
		{831CCEAB-566A-4C07-B29C-8195AD08BFCF}.Release|iPhoneSimulator.ActiveCfg = Release|Any CPU
		{831CCEAB-566A-4C07-B29C-8195AD08BFCF}.Release|iPhoneSimulator.Build.0 = Release|Any CPU
		{831CCEAB-566A-4C07-B29C-8195AD08BFCF}.Release|x64.ActiveCfg = Release|x64
		{831CCEAB-566A-4C07-B29C-8195AD08BFCF}.Release|x64.Build.0 = Release|x64
		{831CCEAB-566A-4C07-B29C-8195AD08BFCF}.Release|x86.ActiveCfg = Release|x86
		{831CCEAB-566A-4C07-B29C-8195AD08BFCF}.Release|x86.Build.0 = Release|x86
		{34038CC6-6FFA-4D72-BA30-8A63D6511F33}.Ad-Hoc|Any CPU.ActiveCfg = Release|Any CPU
		{34038CC6-6FFA-4D72-BA30-8A63D6511F33}.Ad-Hoc|Any CPU.Build.0 = Release|Any CPU
		{34038CC6-6FFA-4D72-BA30-8A63D6511F33}.Ad-Hoc|ARM.ActiveCfg = Release|Any CPU
		{34038CC6-6FFA-4D72-BA30-8A63D6511F33}.Ad-Hoc|ARM.Build.0 = Release|Any CPU
		{34038CC6-6FFA-4D72-BA30-8A63D6511F33}.Ad-Hoc|ARM64.ActiveCfg = Release|Any CPU
		{34038CC6-6FFA-4D72-BA30-8A63D6511F33}.Ad-Hoc|ARM64.Build.0 = Release|Any CPU
		{34038CC6-6FFA-4D72-BA30-8A63D6511F33}.Ad-Hoc|iPhone.ActiveCfg = Release|Any CPU
		{34038CC6-6FFA-4D72-BA30-8A63D6511F33}.Ad-Hoc|iPhone.Build.0 = Release|Any CPU
		{34038CC6-6FFA-4D72-BA30-8A63D6511F33}.Ad-Hoc|iPhoneSimulator.ActiveCfg = Release|Any CPU
		{34038CC6-6FFA-4D72-BA30-8A63D6511F33}.Ad-Hoc|iPhoneSimulator.Build.0 = Release|Any CPU
		{34038CC6-6FFA-4D72-BA30-8A63D6511F33}.Ad-Hoc|x64.ActiveCfg = Release|x64
		{34038CC6-6FFA-4D72-BA30-8A63D6511F33}.Ad-Hoc|x64.Build.0 = Release|x64
		{34038CC6-6FFA-4D72-BA30-8A63D6511F33}.Ad-Hoc|x86.ActiveCfg = Release|x86
		{34038CC6-6FFA-4D72-BA30-8A63D6511F33}.Ad-Hoc|x86.Build.0 = Release|x86
		{34038CC6-6FFA-4D72-BA30-8A63D6511F33}.AppStore|Any CPU.ActiveCfg = Release|Any CPU
		{34038CC6-6FFA-4D72-BA30-8A63D6511F33}.AppStore|Any CPU.Build.0 = Release|Any CPU
		{34038CC6-6FFA-4D72-BA30-8A63D6511F33}.AppStore|ARM.ActiveCfg = Release|Any CPU
		{34038CC6-6FFA-4D72-BA30-8A63D6511F33}.AppStore|ARM.Build.0 = Release|Any CPU
		{34038CC6-6FFA-4D72-BA30-8A63D6511F33}.AppStore|ARM64.ActiveCfg = Release|Any CPU
		{34038CC6-6FFA-4D72-BA30-8A63D6511F33}.AppStore|ARM64.Build.0 = Release|Any CPU
		{34038CC6-6FFA-4D72-BA30-8A63D6511F33}.AppStore|iPhone.ActiveCfg = Release|Any CPU
		{34038CC6-6FFA-4D72-BA30-8A63D6511F33}.AppStore|iPhone.Build.0 = Release|Any CPU
		{34038CC6-6FFA-4D72-BA30-8A63D6511F33}.AppStore|iPhoneSimulator.ActiveCfg = Release|Any CPU
		{34038CC6-6FFA-4D72-BA30-8A63D6511F33}.AppStore|iPhoneSimulator.Build.0 = Release|Any CPU
		{34038CC6-6FFA-4D72-BA30-8A63D6511F33}.AppStore|x64.ActiveCfg = Release|x64
		{34038CC6-6FFA-4D72-BA30-8A63D6511F33}.AppStore|x64.Build.0 = Release|x64
		{34038CC6-6FFA-4D72-BA30-8A63D6511F33}.AppStore|x86.ActiveCfg = Release|x86
		{34038CC6-6FFA-4D72-BA30-8A63D6511F33}.AppStore|x86.Build.0 = Release|x86
		{34038CC6-6FFA-4D72-BA30-8A63D6511F33}.Debug|Any CPU.ActiveCfg = Debug|Any CPU
		{34038CC6-6FFA-4D72-BA30-8A63D6511F33}.Debug|Any CPU.Build.0 = Debug|Any CPU
		{34038CC6-6FFA-4D72-BA30-8A63D6511F33}.Debug|ARM.ActiveCfg = Debug|Any CPU
		{34038CC6-6FFA-4D72-BA30-8A63D6511F33}.Debug|ARM.Build.0 = Debug|Any CPU
		{34038CC6-6FFA-4D72-BA30-8A63D6511F33}.Debug|ARM64.ActiveCfg = Debug|Any CPU
		{34038CC6-6FFA-4D72-BA30-8A63D6511F33}.Debug|ARM64.Build.0 = Debug|Any CPU
		{34038CC6-6FFA-4D72-BA30-8A63D6511F33}.Debug|iPhone.ActiveCfg = Debug|Any CPU
		{34038CC6-6FFA-4D72-BA30-8A63D6511F33}.Debug|iPhone.Build.0 = Debug|Any CPU
		{34038CC6-6FFA-4D72-BA30-8A63D6511F33}.Debug|iPhoneSimulator.ActiveCfg = Debug|Any CPU
		{34038CC6-6FFA-4D72-BA30-8A63D6511F33}.Debug|iPhoneSimulator.Build.0 = Debug|Any CPU
		{34038CC6-6FFA-4D72-BA30-8A63D6511F33}.Debug|x64.ActiveCfg = Debug|x64
		{34038CC6-6FFA-4D72-BA30-8A63D6511F33}.Debug|x64.Build.0 = Debug|x64
		{34038CC6-6FFA-4D72-BA30-8A63D6511F33}.Debug|x86.ActiveCfg = Debug|x86
		{34038CC6-6FFA-4D72-BA30-8A63D6511F33}.Debug|x86.Build.0 = Debug|x86
		{34038CC6-6FFA-4D72-BA30-8A63D6511F33}.Release|Any CPU.ActiveCfg = Release|Any CPU
		{34038CC6-6FFA-4D72-BA30-8A63D6511F33}.Release|Any CPU.Build.0 = Release|Any CPU
		{34038CC6-6FFA-4D72-BA30-8A63D6511F33}.Release|ARM.ActiveCfg = Release|Any CPU
		{34038CC6-6FFA-4D72-BA30-8A63D6511F33}.Release|ARM.Build.0 = Release|Any CPU
		{34038CC6-6FFA-4D72-BA30-8A63D6511F33}.Release|ARM64.ActiveCfg = Release|Any CPU
		{34038CC6-6FFA-4D72-BA30-8A63D6511F33}.Release|ARM64.Build.0 = Release|Any CPU
		{34038CC6-6FFA-4D72-BA30-8A63D6511F33}.Release|iPhone.ActiveCfg = Release|Any CPU
		{34038CC6-6FFA-4D72-BA30-8A63D6511F33}.Release|iPhone.Build.0 = Release|Any CPU
		{34038CC6-6FFA-4D72-BA30-8A63D6511F33}.Release|iPhoneSimulator.ActiveCfg = Release|Any CPU
		{34038CC6-6FFA-4D72-BA30-8A63D6511F33}.Release|iPhoneSimulator.Build.0 = Release|Any CPU
		{34038CC6-6FFA-4D72-BA30-8A63D6511F33}.Release|x64.ActiveCfg = Release|x64
		{34038CC6-6FFA-4D72-BA30-8A63D6511F33}.Release|x64.Build.0 = Release|x64
		{34038CC6-6FFA-4D72-BA30-8A63D6511F33}.Release|x86.ActiveCfg = Release|x86
		{34038CC6-6FFA-4D72-BA30-8A63D6511F33}.Release|x86.Build.0 = Release|x86
		{79D3754E-9534-4F40-8516-30CD9215289D}.Ad-Hoc|Any CPU.ActiveCfg = Release|Any CPU
		{79D3754E-9534-4F40-8516-30CD9215289D}.Ad-Hoc|Any CPU.Build.0 = Release|Any CPU
		{79D3754E-9534-4F40-8516-30CD9215289D}.Ad-Hoc|ARM.ActiveCfg = Release|Any CPU
		{79D3754E-9534-4F40-8516-30CD9215289D}.Ad-Hoc|ARM.Build.0 = Release|Any CPU
		{79D3754E-9534-4F40-8516-30CD9215289D}.Ad-Hoc|ARM64.ActiveCfg = Release|Any CPU
		{79D3754E-9534-4F40-8516-30CD9215289D}.Ad-Hoc|ARM64.Build.0 = Release|Any CPU
		{79D3754E-9534-4F40-8516-30CD9215289D}.Ad-Hoc|iPhone.ActiveCfg = Release|Any CPU
		{79D3754E-9534-4F40-8516-30CD9215289D}.Ad-Hoc|iPhone.Build.0 = Release|Any CPU
		{79D3754E-9534-4F40-8516-30CD9215289D}.Ad-Hoc|iPhoneSimulator.ActiveCfg = Release|Any CPU
		{79D3754E-9534-4F40-8516-30CD9215289D}.Ad-Hoc|iPhoneSimulator.Build.0 = Release|Any CPU
		{79D3754E-9534-4F40-8516-30CD9215289D}.Ad-Hoc|x64.ActiveCfg = Release|x64
		{79D3754E-9534-4F40-8516-30CD9215289D}.Ad-Hoc|x64.Build.0 = Release|x64
		{79D3754E-9534-4F40-8516-30CD9215289D}.Ad-Hoc|x86.ActiveCfg = Release|x86
		{79D3754E-9534-4F40-8516-30CD9215289D}.Ad-Hoc|x86.Build.0 = Release|x86
		{79D3754E-9534-4F40-8516-30CD9215289D}.AppStore|Any CPU.ActiveCfg = Release|Any CPU
		{79D3754E-9534-4F40-8516-30CD9215289D}.AppStore|Any CPU.Build.0 = Release|Any CPU
		{79D3754E-9534-4F40-8516-30CD9215289D}.AppStore|ARM.ActiveCfg = Release|Any CPU
		{79D3754E-9534-4F40-8516-30CD9215289D}.AppStore|ARM.Build.0 = Release|Any CPU
		{79D3754E-9534-4F40-8516-30CD9215289D}.AppStore|ARM64.ActiveCfg = Release|Any CPU
		{79D3754E-9534-4F40-8516-30CD9215289D}.AppStore|ARM64.Build.0 = Release|Any CPU
		{79D3754E-9534-4F40-8516-30CD9215289D}.AppStore|iPhone.ActiveCfg = Release|Any CPU
		{79D3754E-9534-4F40-8516-30CD9215289D}.AppStore|iPhone.Build.0 = Release|Any CPU
		{79D3754E-9534-4F40-8516-30CD9215289D}.AppStore|iPhoneSimulator.ActiveCfg = Release|Any CPU
		{79D3754E-9534-4F40-8516-30CD9215289D}.AppStore|iPhoneSimulator.Build.0 = Release|Any CPU
		{79D3754E-9534-4F40-8516-30CD9215289D}.AppStore|x64.ActiveCfg = Release|x64
		{79D3754E-9534-4F40-8516-30CD9215289D}.AppStore|x64.Build.0 = Release|x64
		{79D3754E-9534-4F40-8516-30CD9215289D}.AppStore|x86.ActiveCfg = Release|x86
		{79D3754E-9534-4F40-8516-30CD9215289D}.AppStore|x86.Build.0 = Release|x86
		{79D3754E-9534-4F40-8516-30CD9215289D}.Debug|Any CPU.ActiveCfg = Debug|Any CPU
		{79D3754E-9534-4F40-8516-30CD9215289D}.Debug|Any CPU.Build.0 = Debug|Any CPU
		{79D3754E-9534-4F40-8516-30CD9215289D}.Debug|ARM.ActiveCfg = Debug|Any CPU
		{79D3754E-9534-4F40-8516-30CD9215289D}.Debug|ARM.Build.0 = Debug|Any CPU
		{79D3754E-9534-4F40-8516-30CD9215289D}.Debug|ARM64.ActiveCfg = Debug|Any CPU
		{79D3754E-9534-4F40-8516-30CD9215289D}.Debug|ARM64.Build.0 = Debug|Any CPU
		{79D3754E-9534-4F40-8516-30CD9215289D}.Debug|iPhone.ActiveCfg = Debug|Any CPU
		{79D3754E-9534-4F40-8516-30CD9215289D}.Debug|iPhone.Build.0 = Debug|Any CPU
		{79D3754E-9534-4F40-8516-30CD9215289D}.Debug|iPhoneSimulator.ActiveCfg = Debug|Any CPU
		{79D3754E-9534-4F40-8516-30CD9215289D}.Debug|iPhoneSimulator.Build.0 = Debug|Any CPU
		{79D3754E-9534-4F40-8516-30CD9215289D}.Debug|x64.ActiveCfg = Debug|x64
		{79D3754E-9534-4F40-8516-30CD9215289D}.Debug|x64.Build.0 = Debug|x64
		{79D3754E-9534-4F40-8516-30CD9215289D}.Debug|x86.ActiveCfg = Debug|x86
		{79D3754E-9534-4F40-8516-30CD9215289D}.Debug|x86.Build.0 = Debug|x86
		{79D3754E-9534-4F40-8516-30CD9215289D}.Release|Any CPU.ActiveCfg = Release|Any CPU
		{79D3754E-9534-4F40-8516-30CD9215289D}.Release|Any CPU.Build.0 = Release|Any CPU
		{79D3754E-9534-4F40-8516-30CD9215289D}.Release|ARM.ActiveCfg = Release|Any CPU
		{79D3754E-9534-4F40-8516-30CD9215289D}.Release|ARM.Build.0 = Release|Any CPU
		{79D3754E-9534-4F40-8516-30CD9215289D}.Release|ARM64.ActiveCfg = Release|Any CPU
		{79D3754E-9534-4F40-8516-30CD9215289D}.Release|ARM64.Build.0 = Release|Any CPU
		{79D3754E-9534-4F40-8516-30CD9215289D}.Release|iPhone.ActiveCfg = Release|Any CPU
		{79D3754E-9534-4F40-8516-30CD9215289D}.Release|iPhone.Build.0 = Release|Any CPU
		{79D3754E-9534-4F40-8516-30CD9215289D}.Release|iPhoneSimulator.ActiveCfg = Release|Any CPU
		{79D3754E-9534-4F40-8516-30CD9215289D}.Release|iPhoneSimulator.Build.0 = Release|Any CPU
		{79D3754E-9534-4F40-8516-30CD9215289D}.Release|x64.ActiveCfg = Release|x64
		{79D3754E-9534-4F40-8516-30CD9215289D}.Release|x64.Build.0 = Release|x64
		{79D3754E-9534-4F40-8516-30CD9215289D}.Release|x86.ActiveCfg = Release|x86
		{79D3754E-9534-4F40-8516-30CD9215289D}.Release|x86.Build.0 = Release|x86
		{79B6551D-46F6-4779-89F3-1474484F7B76}.Ad-Hoc|Any CPU.ActiveCfg = Release|Any CPU
		{79B6551D-46F6-4779-89F3-1474484F7B76}.Ad-Hoc|Any CPU.Build.0 = Release|Any CPU
		{79B6551D-46F6-4779-89F3-1474484F7B76}.Ad-Hoc|ARM.ActiveCfg = Release|Any CPU
		{79B6551D-46F6-4779-89F3-1474484F7B76}.Ad-Hoc|ARM.Build.0 = Release|Any CPU
		{79B6551D-46F6-4779-89F3-1474484F7B76}.Ad-Hoc|ARM64.ActiveCfg = Release|Any CPU
		{79B6551D-46F6-4779-89F3-1474484F7B76}.Ad-Hoc|ARM64.Build.0 = Release|Any CPU
		{79B6551D-46F6-4779-89F3-1474484F7B76}.Ad-Hoc|iPhone.ActiveCfg = Release|Any CPU
		{79B6551D-46F6-4779-89F3-1474484F7B76}.Ad-Hoc|iPhone.Build.0 = Release|Any CPU
		{79B6551D-46F6-4779-89F3-1474484F7B76}.Ad-Hoc|iPhoneSimulator.ActiveCfg = Release|Any CPU
		{79B6551D-46F6-4779-89F3-1474484F7B76}.Ad-Hoc|iPhoneSimulator.Build.0 = Release|Any CPU
		{79B6551D-46F6-4779-89F3-1474484F7B76}.Ad-Hoc|x64.ActiveCfg = Release|x64
		{79B6551D-46F6-4779-89F3-1474484F7B76}.Ad-Hoc|x64.Build.0 = Release|x64
		{79B6551D-46F6-4779-89F3-1474484F7B76}.Ad-Hoc|x86.ActiveCfg = Release|x86
		{79B6551D-46F6-4779-89F3-1474484F7B76}.Ad-Hoc|x86.Build.0 = Release|x86
		{79B6551D-46F6-4779-89F3-1474484F7B76}.AppStore|Any CPU.ActiveCfg = Release|Any CPU
		{79B6551D-46F6-4779-89F3-1474484F7B76}.AppStore|Any CPU.Build.0 = Release|Any CPU
		{79B6551D-46F6-4779-89F3-1474484F7B76}.AppStore|ARM.ActiveCfg = Release|Any CPU
		{79B6551D-46F6-4779-89F3-1474484F7B76}.AppStore|ARM.Build.0 = Release|Any CPU
		{79B6551D-46F6-4779-89F3-1474484F7B76}.AppStore|ARM64.ActiveCfg = Release|Any CPU
		{79B6551D-46F6-4779-89F3-1474484F7B76}.AppStore|ARM64.Build.0 = Release|Any CPU
		{79B6551D-46F6-4779-89F3-1474484F7B76}.AppStore|iPhone.ActiveCfg = Release|Any CPU
		{79B6551D-46F6-4779-89F3-1474484F7B76}.AppStore|iPhone.Build.0 = Release|Any CPU
		{79B6551D-46F6-4779-89F3-1474484F7B76}.AppStore|iPhoneSimulator.ActiveCfg = Release|Any CPU
		{79B6551D-46F6-4779-89F3-1474484F7B76}.AppStore|iPhoneSimulator.Build.0 = Release|Any CPU
		{79B6551D-46F6-4779-89F3-1474484F7B76}.AppStore|x64.ActiveCfg = Release|x64
		{79B6551D-46F6-4779-89F3-1474484F7B76}.AppStore|x64.Build.0 = Release|x64
		{79B6551D-46F6-4779-89F3-1474484F7B76}.AppStore|x86.ActiveCfg = Release|x86
		{79B6551D-46F6-4779-89F3-1474484F7B76}.AppStore|x86.Build.0 = Release|x86
		{79B6551D-46F6-4779-89F3-1474484F7B76}.Debug|Any CPU.ActiveCfg = Debug|Any CPU
		{79B6551D-46F6-4779-89F3-1474484F7B76}.Debug|Any CPU.Build.0 = Debug|Any CPU
		{79B6551D-46F6-4779-89F3-1474484F7B76}.Debug|ARM.ActiveCfg = Debug|Any CPU
		{79B6551D-46F6-4779-89F3-1474484F7B76}.Debug|ARM.Build.0 = Debug|Any CPU
		{79B6551D-46F6-4779-89F3-1474484F7B76}.Debug|ARM64.ActiveCfg = Debug|Any CPU
		{79B6551D-46F6-4779-89F3-1474484F7B76}.Debug|ARM64.Build.0 = Debug|Any CPU
		{79B6551D-46F6-4779-89F3-1474484F7B76}.Debug|iPhone.ActiveCfg = Debug|Any CPU
		{79B6551D-46F6-4779-89F3-1474484F7B76}.Debug|iPhone.Build.0 = Debug|Any CPU
		{79B6551D-46F6-4779-89F3-1474484F7B76}.Debug|iPhoneSimulator.ActiveCfg = Debug|Any CPU
		{79B6551D-46F6-4779-89F3-1474484F7B76}.Debug|iPhoneSimulator.Build.0 = Debug|Any CPU
		{79B6551D-46F6-4779-89F3-1474484F7B76}.Debug|x64.ActiveCfg = Debug|x64
		{79B6551D-46F6-4779-89F3-1474484F7B76}.Debug|x64.Build.0 = Debug|x64
		{79B6551D-46F6-4779-89F3-1474484F7B76}.Debug|x86.ActiveCfg = Debug|x86
		{79B6551D-46F6-4779-89F3-1474484F7B76}.Debug|x86.Build.0 = Debug|x86
		{79B6551D-46F6-4779-89F3-1474484F7B76}.Release|Any CPU.ActiveCfg = Release|Any CPU
		{79B6551D-46F6-4779-89F3-1474484F7B76}.Release|Any CPU.Build.0 = Release|Any CPU
		{79B6551D-46F6-4779-89F3-1474484F7B76}.Release|ARM.ActiveCfg = Release|Any CPU
		{79B6551D-46F6-4779-89F3-1474484F7B76}.Release|ARM.Build.0 = Release|Any CPU
		{79B6551D-46F6-4779-89F3-1474484F7B76}.Release|ARM64.ActiveCfg = Release|Any CPU
		{79B6551D-46F6-4779-89F3-1474484F7B76}.Release|ARM64.Build.0 = Release|Any CPU
		{79B6551D-46F6-4779-89F3-1474484F7B76}.Release|iPhone.ActiveCfg = Release|Any CPU
		{79B6551D-46F6-4779-89F3-1474484F7B76}.Release|iPhone.Build.0 = Release|Any CPU
		{79B6551D-46F6-4779-89F3-1474484F7B76}.Release|iPhoneSimulator.ActiveCfg = Release|Any CPU
		{79B6551D-46F6-4779-89F3-1474484F7B76}.Release|iPhoneSimulator.Build.0 = Release|Any CPU
		{79B6551D-46F6-4779-89F3-1474484F7B76}.Release|x64.ActiveCfg = Release|x64
		{79B6551D-46F6-4779-89F3-1474484F7B76}.Release|x64.Build.0 = Release|x64
		{79B6551D-46F6-4779-89F3-1474484F7B76}.Release|x86.ActiveCfg = Release|x86
		{79B6551D-46F6-4779-89F3-1474484F7B76}.Release|x86.Build.0 = Release|x86
		{7DC50DB8-0AD4-4DD2-8190-607CA6C98FC1}.Ad-Hoc|Any CPU.ActiveCfg = Release|Any CPU
		{7DC50DB8-0AD4-4DD2-8190-607CA6C98FC1}.Ad-Hoc|Any CPU.Build.0 = Release|Any CPU
		{7DC50DB8-0AD4-4DD2-8190-607CA6C98FC1}.Ad-Hoc|ARM.ActiveCfg = Release|Any CPU
		{7DC50DB8-0AD4-4DD2-8190-607CA6C98FC1}.Ad-Hoc|ARM.Build.0 = Release|Any CPU
		{7DC50DB8-0AD4-4DD2-8190-607CA6C98FC1}.Ad-Hoc|ARM64.ActiveCfg = Release|Any CPU
		{7DC50DB8-0AD4-4DD2-8190-607CA6C98FC1}.Ad-Hoc|ARM64.Build.0 = Release|Any CPU
		{7DC50DB8-0AD4-4DD2-8190-607CA6C98FC1}.Ad-Hoc|iPhone.ActiveCfg = Release|Any CPU
		{7DC50DB8-0AD4-4DD2-8190-607CA6C98FC1}.Ad-Hoc|iPhone.Build.0 = Release|Any CPU
		{7DC50DB8-0AD4-4DD2-8190-607CA6C98FC1}.Ad-Hoc|iPhoneSimulator.ActiveCfg = Release|Any CPU
		{7DC50DB8-0AD4-4DD2-8190-607CA6C98FC1}.Ad-Hoc|iPhoneSimulator.Build.0 = Release|Any CPU
		{7DC50DB8-0AD4-4DD2-8190-607CA6C98FC1}.Ad-Hoc|x64.ActiveCfg = Release|Any CPU
		{7DC50DB8-0AD4-4DD2-8190-607CA6C98FC1}.Ad-Hoc|x64.Build.0 = Release|Any CPU
		{7DC50DB8-0AD4-4DD2-8190-607CA6C98FC1}.Ad-Hoc|x86.ActiveCfg = Release|Any CPU
		{7DC50DB8-0AD4-4DD2-8190-607CA6C98FC1}.Ad-Hoc|x86.Build.0 = Release|Any CPU
		{7DC50DB8-0AD4-4DD2-8190-607CA6C98FC1}.AppStore|Any CPU.ActiveCfg = Release|Any CPU
		{7DC50DB8-0AD4-4DD2-8190-607CA6C98FC1}.AppStore|Any CPU.Build.0 = Release|Any CPU
		{7DC50DB8-0AD4-4DD2-8190-607CA6C98FC1}.AppStore|ARM.ActiveCfg = Release|Any CPU
		{7DC50DB8-0AD4-4DD2-8190-607CA6C98FC1}.AppStore|ARM.Build.0 = Release|Any CPU
		{7DC50DB8-0AD4-4DD2-8190-607CA6C98FC1}.AppStore|ARM64.ActiveCfg = Release|Any CPU
		{7DC50DB8-0AD4-4DD2-8190-607CA6C98FC1}.AppStore|ARM64.Build.0 = Release|Any CPU
		{7DC50DB8-0AD4-4DD2-8190-607CA6C98FC1}.AppStore|iPhone.ActiveCfg = Release|Any CPU
		{7DC50DB8-0AD4-4DD2-8190-607CA6C98FC1}.AppStore|iPhone.Build.0 = Release|Any CPU
		{7DC50DB8-0AD4-4DD2-8190-607CA6C98FC1}.AppStore|iPhoneSimulator.ActiveCfg = Release|Any CPU
		{7DC50DB8-0AD4-4DD2-8190-607CA6C98FC1}.AppStore|iPhoneSimulator.Build.0 = Release|Any CPU
		{7DC50DB8-0AD4-4DD2-8190-607CA6C98FC1}.AppStore|x64.ActiveCfg = Release|Any CPU
		{7DC50DB8-0AD4-4DD2-8190-607CA6C98FC1}.AppStore|x64.Build.0 = Release|Any CPU
		{7DC50DB8-0AD4-4DD2-8190-607CA6C98FC1}.AppStore|x86.ActiveCfg = Release|Any CPU
		{7DC50DB8-0AD4-4DD2-8190-607CA6C98FC1}.AppStore|x86.Build.0 = Release|Any CPU
		{7DC50DB8-0AD4-4DD2-8190-607CA6C98FC1}.Debug|Any CPU.ActiveCfg = Debug|Any CPU
		{7DC50DB8-0AD4-4DD2-8190-607CA6C98FC1}.Debug|Any CPU.Build.0 = Debug|Any CPU
		{7DC50DB8-0AD4-4DD2-8190-607CA6C98FC1}.Debug|ARM.ActiveCfg = Debug|Any CPU
		{7DC50DB8-0AD4-4DD2-8190-607CA6C98FC1}.Debug|ARM.Build.0 = Debug|Any CPU
		{7DC50DB8-0AD4-4DD2-8190-607CA6C98FC1}.Debug|ARM64.ActiveCfg = Debug|Any CPU
		{7DC50DB8-0AD4-4DD2-8190-607CA6C98FC1}.Debug|ARM64.Build.0 = Debug|Any CPU
		{7DC50DB8-0AD4-4DD2-8190-607CA6C98FC1}.Debug|iPhone.ActiveCfg = Debug|Any CPU
		{7DC50DB8-0AD4-4DD2-8190-607CA6C98FC1}.Debug|iPhone.Build.0 = Debug|Any CPU
		{7DC50DB8-0AD4-4DD2-8190-607CA6C98FC1}.Debug|iPhoneSimulator.ActiveCfg = Debug|Any CPU
		{7DC50DB8-0AD4-4DD2-8190-607CA6C98FC1}.Debug|iPhoneSimulator.Build.0 = Debug|Any CPU
		{7DC50DB8-0AD4-4DD2-8190-607CA6C98FC1}.Debug|x64.ActiveCfg = Debug|Any CPU
		{7DC50DB8-0AD4-4DD2-8190-607CA6C98FC1}.Debug|x64.Build.0 = Debug|Any CPU
		{7DC50DB8-0AD4-4DD2-8190-607CA6C98FC1}.Debug|x86.ActiveCfg = Debug|Any CPU
		{7DC50DB8-0AD4-4DD2-8190-607CA6C98FC1}.Debug|x86.Build.0 = Debug|Any CPU
		{7DC50DB8-0AD4-4DD2-8190-607CA6C98FC1}.Release|Any CPU.ActiveCfg = Release|Any CPU
		{7DC50DB8-0AD4-4DD2-8190-607CA6C98FC1}.Release|Any CPU.Build.0 = Release|Any CPU
		{7DC50DB8-0AD4-4DD2-8190-607CA6C98FC1}.Release|ARM.ActiveCfg = Release|Any CPU
		{7DC50DB8-0AD4-4DD2-8190-607CA6C98FC1}.Release|ARM.Build.0 = Release|Any CPU
		{7DC50DB8-0AD4-4DD2-8190-607CA6C98FC1}.Release|ARM64.ActiveCfg = Release|Any CPU
		{7DC50DB8-0AD4-4DD2-8190-607CA6C98FC1}.Release|ARM64.Build.0 = Release|Any CPU
		{7DC50DB8-0AD4-4DD2-8190-607CA6C98FC1}.Release|iPhone.ActiveCfg = Release|Any CPU
		{7DC50DB8-0AD4-4DD2-8190-607CA6C98FC1}.Release|iPhone.Build.0 = Release|Any CPU
		{7DC50DB8-0AD4-4DD2-8190-607CA6C98FC1}.Release|iPhoneSimulator.ActiveCfg = Release|Any CPU
		{7DC50DB8-0AD4-4DD2-8190-607CA6C98FC1}.Release|iPhoneSimulator.Build.0 = Release|Any CPU
		{7DC50DB8-0AD4-4DD2-8190-607CA6C98FC1}.Release|x64.ActiveCfg = Release|Any CPU
		{7DC50DB8-0AD4-4DD2-8190-607CA6C98FC1}.Release|x64.Build.0 = Release|Any CPU
		{7DC50DB8-0AD4-4DD2-8190-607CA6C98FC1}.Release|x86.ActiveCfg = Release|Any CPU
		{7DC50DB8-0AD4-4DD2-8190-607CA6C98FC1}.Release|x86.Build.0 = Release|Any CPU
		{E83F8723-D0E9-46B5-9747-230FF903200B}.Ad-Hoc|Any CPU.ActiveCfg = Release|Any CPU
		{E83F8723-D0E9-46B5-9747-230FF903200B}.Ad-Hoc|Any CPU.Build.0 = Release|Any CPU
		{E83F8723-D0E9-46B5-9747-230FF903200B}.Ad-Hoc|ARM.ActiveCfg = Release|Any CPU
		{E83F8723-D0E9-46B5-9747-230FF903200B}.Ad-Hoc|ARM.Build.0 = Release|Any CPU
		{E83F8723-D0E9-46B5-9747-230FF903200B}.Ad-Hoc|ARM64.ActiveCfg = Release|Any CPU
		{E83F8723-D0E9-46B5-9747-230FF903200B}.Ad-Hoc|ARM64.Build.0 = Release|Any CPU
		{E83F8723-D0E9-46B5-9747-230FF903200B}.Ad-Hoc|iPhone.ActiveCfg = Release|Any CPU
		{E83F8723-D0E9-46B5-9747-230FF903200B}.Ad-Hoc|iPhone.Build.0 = Release|Any CPU
		{E83F8723-D0E9-46B5-9747-230FF903200B}.Ad-Hoc|iPhoneSimulator.ActiveCfg = Release|Any CPU
		{E83F8723-D0E9-46B5-9747-230FF903200B}.Ad-Hoc|iPhoneSimulator.Build.0 = Release|Any CPU
		{E83F8723-D0E9-46B5-9747-230FF903200B}.Ad-Hoc|x64.ActiveCfg = Release|x64
		{E83F8723-D0E9-46B5-9747-230FF903200B}.Ad-Hoc|x64.Build.0 = Release|x64
		{E83F8723-D0E9-46B5-9747-230FF903200B}.Ad-Hoc|x86.ActiveCfg = Release|x86
		{E83F8723-D0E9-46B5-9747-230FF903200B}.Ad-Hoc|x86.Build.0 = Release|x86
		{E83F8723-D0E9-46B5-9747-230FF903200B}.AppStore|Any CPU.ActiveCfg = Release|Any CPU
		{E83F8723-D0E9-46B5-9747-230FF903200B}.AppStore|Any CPU.Build.0 = Release|Any CPU
		{E83F8723-D0E9-46B5-9747-230FF903200B}.AppStore|ARM.ActiveCfg = Release|Any CPU
		{E83F8723-D0E9-46B5-9747-230FF903200B}.AppStore|ARM.Build.0 = Release|Any CPU
		{E83F8723-D0E9-46B5-9747-230FF903200B}.AppStore|ARM64.ActiveCfg = Release|Any CPU
		{E83F8723-D0E9-46B5-9747-230FF903200B}.AppStore|ARM64.Build.0 = Release|Any CPU
		{E83F8723-D0E9-46B5-9747-230FF903200B}.AppStore|iPhone.ActiveCfg = Release|Any CPU
		{E83F8723-D0E9-46B5-9747-230FF903200B}.AppStore|iPhone.Build.0 = Release|Any CPU
		{E83F8723-D0E9-46B5-9747-230FF903200B}.AppStore|iPhoneSimulator.ActiveCfg = Release|Any CPU
		{E83F8723-D0E9-46B5-9747-230FF903200B}.AppStore|iPhoneSimulator.Build.0 = Release|Any CPU
		{E83F8723-D0E9-46B5-9747-230FF903200B}.AppStore|x64.ActiveCfg = Release|x64
		{E83F8723-D0E9-46B5-9747-230FF903200B}.AppStore|x64.Build.0 = Release|x64
		{E83F8723-D0E9-46B5-9747-230FF903200B}.AppStore|x86.ActiveCfg = Release|x86
		{E83F8723-D0E9-46B5-9747-230FF903200B}.AppStore|x86.Build.0 = Release|x86
		{E83F8723-D0E9-46B5-9747-230FF903200B}.Debug|Any CPU.ActiveCfg = Debug|Any CPU
		{E83F8723-D0E9-46B5-9747-230FF903200B}.Debug|Any CPU.Build.0 = Debug|Any CPU
		{E83F8723-D0E9-46B5-9747-230FF903200B}.Debug|ARM.ActiveCfg = Debug|Any CPU
		{E83F8723-D0E9-46B5-9747-230FF903200B}.Debug|ARM.Build.0 = Debug|Any CPU
		{E83F8723-D0E9-46B5-9747-230FF903200B}.Debug|ARM64.ActiveCfg = Debug|Any CPU
		{E83F8723-D0E9-46B5-9747-230FF903200B}.Debug|ARM64.Build.0 = Debug|Any CPU
		{E83F8723-D0E9-46B5-9747-230FF903200B}.Debug|iPhone.ActiveCfg = Debug|Any CPU
		{E83F8723-D0E9-46B5-9747-230FF903200B}.Debug|iPhone.Build.0 = Debug|Any CPU
		{E83F8723-D0E9-46B5-9747-230FF903200B}.Debug|iPhoneSimulator.ActiveCfg = Debug|Any CPU
		{E83F8723-D0E9-46B5-9747-230FF903200B}.Debug|iPhoneSimulator.Build.0 = Debug|Any CPU
		{E83F8723-D0E9-46B5-9747-230FF903200B}.Debug|x64.ActiveCfg = Debug|x64
		{E83F8723-D0E9-46B5-9747-230FF903200B}.Debug|x64.Build.0 = Debug|x64
		{E83F8723-D0E9-46B5-9747-230FF903200B}.Debug|x86.ActiveCfg = Debug|x86
		{E83F8723-D0E9-46B5-9747-230FF903200B}.Debug|x86.Build.0 = Debug|x86
		{E83F8723-D0E9-46B5-9747-230FF903200B}.Release|Any CPU.ActiveCfg = Release|Any CPU
		{E83F8723-D0E9-46B5-9747-230FF903200B}.Release|Any CPU.Build.0 = Release|Any CPU
		{E83F8723-D0E9-46B5-9747-230FF903200B}.Release|ARM.ActiveCfg = Release|Any CPU
		{E83F8723-D0E9-46B5-9747-230FF903200B}.Release|ARM.Build.0 = Release|Any CPU
		{E83F8723-D0E9-46B5-9747-230FF903200B}.Release|ARM64.ActiveCfg = Release|Any CPU
		{E83F8723-D0E9-46B5-9747-230FF903200B}.Release|ARM64.Build.0 = Release|Any CPU
		{E83F8723-D0E9-46B5-9747-230FF903200B}.Release|iPhone.ActiveCfg = Release|Any CPU
		{E83F8723-D0E9-46B5-9747-230FF903200B}.Release|iPhone.Build.0 = Release|Any CPU
		{E83F8723-D0E9-46B5-9747-230FF903200B}.Release|iPhoneSimulator.ActiveCfg = Release|Any CPU
		{E83F8723-D0E9-46B5-9747-230FF903200B}.Release|iPhoneSimulator.Build.0 = Release|Any CPU
		{E83F8723-D0E9-46B5-9747-230FF903200B}.Release|x64.ActiveCfg = Release|x64
		{E83F8723-D0E9-46B5-9747-230FF903200B}.Release|x64.Build.0 = Release|x64
		{E83F8723-D0E9-46B5-9747-230FF903200B}.Release|x86.ActiveCfg = Release|x86
		{E83F8723-D0E9-46B5-9747-230FF903200B}.Release|x86.Build.0 = Release|x86
		{7C50A9E5-657A-49C0-ADEF-0596CA2DAC1B}.Ad-Hoc|Any CPU.ActiveCfg = Release|Any CPU
		{7C50A9E5-657A-49C0-ADEF-0596CA2DAC1B}.Ad-Hoc|Any CPU.Build.0 = Release|Any CPU
		{7C50A9E5-657A-49C0-ADEF-0596CA2DAC1B}.Ad-Hoc|ARM.ActiveCfg = Release|Any CPU
		{7C50A9E5-657A-49C0-ADEF-0596CA2DAC1B}.Ad-Hoc|ARM.Build.0 = Release|Any CPU
		{7C50A9E5-657A-49C0-ADEF-0596CA2DAC1B}.Ad-Hoc|ARM64.ActiveCfg = Release|Any CPU
		{7C50A9E5-657A-49C0-ADEF-0596CA2DAC1B}.Ad-Hoc|ARM64.Build.0 = Release|Any CPU
		{7C50A9E5-657A-49C0-ADEF-0596CA2DAC1B}.Ad-Hoc|iPhone.ActiveCfg = Release|Any CPU
		{7C50A9E5-657A-49C0-ADEF-0596CA2DAC1B}.Ad-Hoc|iPhone.Build.0 = Release|Any CPU
		{7C50A9E5-657A-49C0-ADEF-0596CA2DAC1B}.Ad-Hoc|iPhoneSimulator.ActiveCfg = Release|Any CPU
		{7C50A9E5-657A-49C0-ADEF-0596CA2DAC1B}.Ad-Hoc|iPhoneSimulator.Build.0 = Release|Any CPU
		{7C50A9E5-657A-49C0-ADEF-0596CA2DAC1B}.Ad-Hoc|x64.ActiveCfg = Release|x64
		{7C50A9E5-657A-49C0-ADEF-0596CA2DAC1B}.Ad-Hoc|x64.Build.0 = Release|x64
		{7C50A9E5-657A-49C0-ADEF-0596CA2DAC1B}.Ad-Hoc|x86.ActiveCfg = Release|x86
		{7C50A9E5-657A-49C0-ADEF-0596CA2DAC1B}.Ad-Hoc|x86.Build.0 = Release|x86
		{7C50A9E5-657A-49C0-ADEF-0596CA2DAC1B}.AppStore|Any CPU.ActiveCfg = Release|Any CPU
		{7C50A9E5-657A-49C0-ADEF-0596CA2DAC1B}.AppStore|Any CPU.Build.0 = Release|Any CPU
		{7C50A9E5-657A-49C0-ADEF-0596CA2DAC1B}.AppStore|ARM.ActiveCfg = Release|Any CPU
		{7C50A9E5-657A-49C0-ADEF-0596CA2DAC1B}.AppStore|ARM.Build.0 = Release|Any CPU
		{7C50A9E5-657A-49C0-ADEF-0596CA2DAC1B}.AppStore|ARM64.ActiveCfg = Release|Any CPU
		{7C50A9E5-657A-49C0-ADEF-0596CA2DAC1B}.AppStore|ARM64.Build.0 = Release|Any CPU
		{7C50A9E5-657A-49C0-ADEF-0596CA2DAC1B}.AppStore|iPhone.ActiveCfg = Release|Any CPU
		{7C50A9E5-657A-49C0-ADEF-0596CA2DAC1B}.AppStore|iPhone.Build.0 = Release|Any CPU
		{7C50A9E5-657A-49C0-ADEF-0596CA2DAC1B}.AppStore|iPhoneSimulator.ActiveCfg = Release|Any CPU
		{7C50A9E5-657A-49C0-ADEF-0596CA2DAC1B}.AppStore|iPhoneSimulator.Build.0 = Release|Any CPU
		{7C50A9E5-657A-49C0-ADEF-0596CA2DAC1B}.AppStore|x64.ActiveCfg = Release|x64
		{7C50A9E5-657A-49C0-ADEF-0596CA2DAC1B}.AppStore|x64.Build.0 = Release|x64
		{7C50A9E5-657A-49C0-ADEF-0596CA2DAC1B}.AppStore|x86.ActiveCfg = Release|x86
		{7C50A9E5-657A-49C0-ADEF-0596CA2DAC1B}.AppStore|x86.Build.0 = Release|x86
		{7C50A9E5-657A-49C0-ADEF-0596CA2DAC1B}.Debug|Any CPU.ActiveCfg = Debug|Any CPU
		{7C50A9E5-657A-49C0-ADEF-0596CA2DAC1B}.Debug|Any CPU.Build.0 = Debug|Any CPU
		{7C50A9E5-657A-49C0-ADEF-0596CA2DAC1B}.Debug|ARM.ActiveCfg = Debug|Any CPU
		{7C50A9E5-657A-49C0-ADEF-0596CA2DAC1B}.Debug|ARM.Build.0 = Debug|Any CPU
		{7C50A9E5-657A-49C0-ADEF-0596CA2DAC1B}.Debug|ARM64.ActiveCfg = Debug|Any CPU
		{7C50A9E5-657A-49C0-ADEF-0596CA2DAC1B}.Debug|ARM64.Build.0 = Debug|Any CPU
		{7C50A9E5-657A-49C0-ADEF-0596CA2DAC1B}.Debug|iPhone.ActiveCfg = Debug|Any CPU
		{7C50A9E5-657A-49C0-ADEF-0596CA2DAC1B}.Debug|iPhone.Build.0 = Debug|Any CPU
		{7C50A9E5-657A-49C0-ADEF-0596CA2DAC1B}.Debug|iPhoneSimulator.ActiveCfg = Debug|Any CPU
		{7C50A9E5-657A-49C0-ADEF-0596CA2DAC1B}.Debug|iPhoneSimulator.Build.0 = Debug|Any CPU
		{7C50A9E5-657A-49C0-ADEF-0596CA2DAC1B}.Debug|x64.ActiveCfg = Debug|x64
		{7C50A9E5-657A-49C0-ADEF-0596CA2DAC1B}.Debug|x64.Build.0 = Debug|x64
		{7C50A9E5-657A-49C0-ADEF-0596CA2DAC1B}.Debug|x86.ActiveCfg = Debug|x86
		{7C50A9E5-657A-49C0-ADEF-0596CA2DAC1B}.Debug|x86.Build.0 = Debug|x86
		{7C50A9E5-657A-49C0-ADEF-0596CA2DAC1B}.Release|Any CPU.ActiveCfg = Release|Any CPU
		{7C50A9E5-657A-49C0-ADEF-0596CA2DAC1B}.Release|Any CPU.Build.0 = Release|Any CPU
		{7C50A9E5-657A-49C0-ADEF-0596CA2DAC1B}.Release|ARM.ActiveCfg = Release|Any CPU
		{7C50A9E5-657A-49C0-ADEF-0596CA2DAC1B}.Release|ARM.Build.0 = Release|Any CPU
		{7C50A9E5-657A-49C0-ADEF-0596CA2DAC1B}.Release|ARM64.ActiveCfg = Release|Any CPU
		{7C50A9E5-657A-49C0-ADEF-0596CA2DAC1B}.Release|ARM64.Build.0 = Release|Any CPU
		{7C50A9E5-657A-49C0-ADEF-0596CA2DAC1B}.Release|iPhone.ActiveCfg = Release|Any CPU
		{7C50A9E5-657A-49C0-ADEF-0596CA2DAC1B}.Release|iPhone.Build.0 = Release|Any CPU
		{7C50A9E5-657A-49C0-ADEF-0596CA2DAC1B}.Release|iPhoneSimulator.ActiveCfg = Release|Any CPU
		{7C50A9E5-657A-49C0-ADEF-0596CA2DAC1B}.Release|iPhoneSimulator.Build.0 = Release|Any CPU
		{7C50A9E5-657A-49C0-ADEF-0596CA2DAC1B}.Release|x64.ActiveCfg = Release|x64
		{7C50A9E5-657A-49C0-ADEF-0596CA2DAC1B}.Release|x64.Build.0 = Release|x64
		{7C50A9E5-657A-49C0-ADEF-0596CA2DAC1B}.Release|x86.ActiveCfg = Release|x86
		{7C50A9E5-657A-49C0-ADEF-0596CA2DAC1B}.Release|x86.Build.0 = Release|x86
		{48FDEC66-F431-4BAF-9ED1-5F4D8B05F113}.Ad-Hoc|Any CPU.ActiveCfg = Release|Any CPU
		{48FDEC66-F431-4BAF-9ED1-5F4D8B05F113}.Ad-Hoc|Any CPU.Build.0 = Release|Any CPU
		{48FDEC66-F431-4BAF-9ED1-5F4D8B05F113}.Ad-Hoc|ARM.ActiveCfg = Release|Any CPU
		{48FDEC66-F431-4BAF-9ED1-5F4D8B05F113}.Ad-Hoc|ARM.Build.0 = Release|Any CPU
		{48FDEC66-F431-4BAF-9ED1-5F4D8B05F113}.Ad-Hoc|ARM64.ActiveCfg = Release|Any CPU
		{48FDEC66-F431-4BAF-9ED1-5F4D8B05F113}.Ad-Hoc|ARM64.Build.0 = Release|Any CPU
		{48FDEC66-F431-4BAF-9ED1-5F4D8B05F113}.Ad-Hoc|iPhone.ActiveCfg = Release|Any CPU
		{48FDEC66-F431-4BAF-9ED1-5F4D8B05F113}.Ad-Hoc|iPhone.Build.0 = Release|Any CPU
		{48FDEC66-F431-4BAF-9ED1-5F4D8B05F113}.Ad-Hoc|iPhoneSimulator.ActiveCfg = Release|Any CPU
		{48FDEC66-F431-4BAF-9ED1-5F4D8B05F113}.Ad-Hoc|iPhoneSimulator.Build.0 = Release|Any CPU
		{48FDEC66-F431-4BAF-9ED1-5F4D8B05F113}.Ad-Hoc|x64.ActiveCfg = Release|Any CPU
		{48FDEC66-F431-4BAF-9ED1-5F4D8B05F113}.Ad-Hoc|x64.Build.0 = Release|Any CPU
		{48FDEC66-F431-4BAF-9ED1-5F4D8B05F113}.Ad-Hoc|x86.ActiveCfg = Release|Any CPU
		{48FDEC66-F431-4BAF-9ED1-5F4D8B05F113}.Ad-Hoc|x86.Build.0 = Release|Any CPU
		{48FDEC66-F431-4BAF-9ED1-5F4D8B05F113}.AppStore|Any CPU.ActiveCfg = Release|Any CPU
		{48FDEC66-F431-4BAF-9ED1-5F4D8B05F113}.AppStore|Any CPU.Build.0 = Release|Any CPU
		{48FDEC66-F431-4BAF-9ED1-5F4D8B05F113}.AppStore|ARM.ActiveCfg = Release|Any CPU
		{48FDEC66-F431-4BAF-9ED1-5F4D8B05F113}.AppStore|ARM.Build.0 = Release|Any CPU
		{48FDEC66-F431-4BAF-9ED1-5F4D8B05F113}.AppStore|ARM64.ActiveCfg = Release|Any CPU
		{48FDEC66-F431-4BAF-9ED1-5F4D8B05F113}.AppStore|ARM64.Build.0 = Release|Any CPU
		{48FDEC66-F431-4BAF-9ED1-5F4D8B05F113}.AppStore|iPhone.ActiveCfg = Release|Any CPU
		{48FDEC66-F431-4BAF-9ED1-5F4D8B05F113}.AppStore|iPhone.Build.0 = Release|Any CPU
		{48FDEC66-F431-4BAF-9ED1-5F4D8B05F113}.AppStore|iPhoneSimulator.ActiveCfg = Release|Any CPU
		{48FDEC66-F431-4BAF-9ED1-5F4D8B05F113}.AppStore|iPhoneSimulator.Build.0 = Release|Any CPU
		{48FDEC66-F431-4BAF-9ED1-5F4D8B05F113}.AppStore|x64.ActiveCfg = Release|Any CPU
		{48FDEC66-F431-4BAF-9ED1-5F4D8B05F113}.AppStore|x64.Build.0 = Release|Any CPU
		{48FDEC66-F431-4BAF-9ED1-5F4D8B05F113}.AppStore|x86.ActiveCfg = Release|Any CPU
		{48FDEC66-F431-4BAF-9ED1-5F4D8B05F113}.AppStore|x86.Build.0 = Release|Any CPU
		{48FDEC66-F431-4BAF-9ED1-5F4D8B05F113}.Debug|Any CPU.ActiveCfg = Debug|Any CPU
		{48FDEC66-F431-4BAF-9ED1-5F4D8B05F113}.Debug|Any CPU.Build.0 = Debug|Any CPU
		{48FDEC66-F431-4BAF-9ED1-5F4D8B05F113}.Debug|ARM.ActiveCfg = Debug|Any CPU
		{48FDEC66-F431-4BAF-9ED1-5F4D8B05F113}.Debug|ARM.Build.0 = Debug|Any CPU
		{48FDEC66-F431-4BAF-9ED1-5F4D8B05F113}.Debug|ARM64.ActiveCfg = Debug|Any CPU
		{48FDEC66-F431-4BAF-9ED1-5F4D8B05F113}.Debug|ARM64.Build.0 = Debug|Any CPU
		{48FDEC66-F431-4BAF-9ED1-5F4D8B05F113}.Debug|iPhone.ActiveCfg = Debug|Any CPU
		{48FDEC66-F431-4BAF-9ED1-5F4D8B05F113}.Debug|iPhone.Build.0 = Debug|Any CPU
		{48FDEC66-F431-4BAF-9ED1-5F4D8B05F113}.Debug|iPhoneSimulator.ActiveCfg = Debug|Any CPU
		{48FDEC66-F431-4BAF-9ED1-5F4D8B05F113}.Debug|iPhoneSimulator.Build.0 = Debug|Any CPU
		{48FDEC66-F431-4BAF-9ED1-5F4D8B05F113}.Debug|x64.ActiveCfg = Debug|Any CPU
		{48FDEC66-F431-4BAF-9ED1-5F4D8B05F113}.Debug|x64.Build.0 = Debug|Any CPU
		{48FDEC66-F431-4BAF-9ED1-5F4D8B05F113}.Debug|x86.ActiveCfg = Debug|Any CPU
		{48FDEC66-F431-4BAF-9ED1-5F4D8B05F113}.Debug|x86.Build.0 = Debug|Any CPU
		{48FDEC66-F431-4BAF-9ED1-5F4D8B05F113}.Release|Any CPU.ActiveCfg = Release|Any CPU
		{48FDEC66-F431-4BAF-9ED1-5F4D8B05F113}.Release|Any CPU.Build.0 = Release|Any CPU
		{48FDEC66-F431-4BAF-9ED1-5F4D8B05F113}.Release|ARM.ActiveCfg = Release|Any CPU
		{48FDEC66-F431-4BAF-9ED1-5F4D8B05F113}.Release|ARM.Build.0 = Release|Any CPU
		{48FDEC66-F431-4BAF-9ED1-5F4D8B05F113}.Release|ARM64.ActiveCfg = Release|Any CPU
		{48FDEC66-F431-4BAF-9ED1-5F4D8B05F113}.Release|ARM64.Build.0 = Release|Any CPU
		{48FDEC66-F431-4BAF-9ED1-5F4D8B05F113}.Release|iPhone.ActiveCfg = Release|Any CPU
		{48FDEC66-F431-4BAF-9ED1-5F4D8B05F113}.Release|iPhone.Build.0 = Release|Any CPU
		{48FDEC66-F431-4BAF-9ED1-5F4D8B05F113}.Release|iPhoneSimulator.ActiveCfg = Release|Any CPU
		{48FDEC66-F431-4BAF-9ED1-5F4D8B05F113}.Release|iPhoneSimulator.Build.0 = Release|Any CPU
		{48FDEC66-F431-4BAF-9ED1-5F4D8B05F113}.Release|x64.ActiveCfg = Release|Any CPU
		{48FDEC66-F431-4BAF-9ED1-5F4D8B05F113}.Release|x64.Build.0 = Release|Any CPU
		{48FDEC66-F431-4BAF-9ED1-5F4D8B05F113}.Release|x86.ActiveCfg = Release|Any CPU
		{48FDEC66-F431-4BAF-9ED1-5F4D8B05F113}.Release|x86.Build.0 = Release|Any CPU
		{1EAFC632-FB2E-473E-8685-D4DC3C623505}.Ad-Hoc|Any CPU.ActiveCfg = Release|Any CPU
		{1EAFC632-FB2E-473E-8685-D4DC3C623505}.Ad-Hoc|Any CPU.Build.0 = Release|Any CPU
		{1EAFC632-FB2E-473E-8685-D4DC3C623505}.Ad-Hoc|ARM.ActiveCfg = Release|Any CPU
		{1EAFC632-FB2E-473E-8685-D4DC3C623505}.Ad-Hoc|ARM.Build.0 = Release|Any CPU
		{1EAFC632-FB2E-473E-8685-D4DC3C623505}.Ad-Hoc|ARM64.ActiveCfg = Release|Any CPU
		{1EAFC632-FB2E-473E-8685-D4DC3C623505}.Ad-Hoc|ARM64.Build.0 = Release|Any CPU
		{1EAFC632-FB2E-473E-8685-D4DC3C623505}.Ad-Hoc|iPhone.ActiveCfg = Release|Any CPU
		{1EAFC632-FB2E-473E-8685-D4DC3C623505}.Ad-Hoc|iPhone.Build.0 = Release|Any CPU
		{1EAFC632-FB2E-473E-8685-D4DC3C623505}.Ad-Hoc|iPhoneSimulator.ActiveCfg = Release|Any CPU
		{1EAFC632-FB2E-473E-8685-D4DC3C623505}.Ad-Hoc|iPhoneSimulator.Build.0 = Release|Any CPU
		{1EAFC632-FB2E-473E-8685-D4DC3C623505}.Ad-Hoc|x64.ActiveCfg = Release|Any CPU
		{1EAFC632-FB2E-473E-8685-D4DC3C623505}.Ad-Hoc|x64.Build.0 = Release|Any CPU
		{1EAFC632-FB2E-473E-8685-D4DC3C623505}.Ad-Hoc|x86.ActiveCfg = Release|Any CPU
		{1EAFC632-FB2E-473E-8685-D4DC3C623505}.Ad-Hoc|x86.Build.0 = Release|Any CPU
		{1EAFC632-FB2E-473E-8685-D4DC3C623505}.AppStore|Any CPU.ActiveCfg = Release|Any CPU
		{1EAFC632-FB2E-473E-8685-D4DC3C623505}.AppStore|Any CPU.Build.0 = Release|Any CPU
		{1EAFC632-FB2E-473E-8685-D4DC3C623505}.AppStore|ARM.ActiveCfg = Release|Any CPU
		{1EAFC632-FB2E-473E-8685-D4DC3C623505}.AppStore|ARM.Build.0 = Release|Any CPU
		{1EAFC632-FB2E-473E-8685-D4DC3C623505}.AppStore|ARM64.ActiveCfg = Release|Any CPU
		{1EAFC632-FB2E-473E-8685-D4DC3C623505}.AppStore|ARM64.Build.0 = Release|Any CPU
		{1EAFC632-FB2E-473E-8685-D4DC3C623505}.AppStore|iPhone.ActiveCfg = Release|Any CPU
		{1EAFC632-FB2E-473E-8685-D4DC3C623505}.AppStore|iPhone.Build.0 = Release|Any CPU
		{1EAFC632-FB2E-473E-8685-D4DC3C623505}.AppStore|iPhoneSimulator.ActiveCfg = Release|Any CPU
		{1EAFC632-FB2E-473E-8685-D4DC3C623505}.AppStore|iPhoneSimulator.Build.0 = Release|Any CPU
		{1EAFC632-FB2E-473E-8685-D4DC3C623505}.AppStore|x64.ActiveCfg = Release|Any CPU
		{1EAFC632-FB2E-473E-8685-D4DC3C623505}.AppStore|x64.Build.0 = Release|Any CPU
		{1EAFC632-FB2E-473E-8685-D4DC3C623505}.AppStore|x86.ActiveCfg = Release|Any CPU
		{1EAFC632-FB2E-473E-8685-D4DC3C623505}.AppStore|x86.Build.0 = Release|Any CPU
		{1EAFC632-FB2E-473E-8685-D4DC3C623505}.Debug|Any CPU.ActiveCfg = Debug|Any CPU
		{1EAFC632-FB2E-473E-8685-D4DC3C623505}.Debug|Any CPU.Build.0 = Debug|Any CPU
		{1EAFC632-FB2E-473E-8685-D4DC3C623505}.Debug|ARM.ActiveCfg = Debug|Any CPU
		{1EAFC632-FB2E-473E-8685-D4DC3C623505}.Debug|ARM.Build.0 = Debug|Any CPU
		{1EAFC632-FB2E-473E-8685-D4DC3C623505}.Debug|ARM64.ActiveCfg = Debug|Any CPU
		{1EAFC632-FB2E-473E-8685-D4DC3C623505}.Debug|ARM64.Build.0 = Debug|Any CPU
		{1EAFC632-FB2E-473E-8685-D4DC3C623505}.Debug|iPhone.ActiveCfg = Debug|Any CPU
		{1EAFC632-FB2E-473E-8685-D4DC3C623505}.Debug|iPhone.Build.0 = Debug|Any CPU
		{1EAFC632-FB2E-473E-8685-D4DC3C623505}.Debug|iPhoneSimulator.ActiveCfg = Debug|Any CPU
		{1EAFC632-FB2E-473E-8685-D4DC3C623505}.Debug|iPhoneSimulator.Build.0 = Debug|Any CPU
		{1EAFC632-FB2E-473E-8685-D4DC3C623505}.Debug|x64.ActiveCfg = Debug|Any CPU
		{1EAFC632-FB2E-473E-8685-D4DC3C623505}.Debug|x64.Build.0 = Debug|Any CPU
		{1EAFC632-FB2E-473E-8685-D4DC3C623505}.Debug|x86.ActiveCfg = Debug|Any CPU
		{1EAFC632-FB2E-473E-8685-D4DC3C623505}.Debug|x86.Build.0 = Debug|Any CPU
		{1EAFC632-FB2E-473E-8685-D4DC3C623505}.Release|Any CPU.ActiveCfg = Release|Any CPU
		{1EAFC632-FB2E-473E-8685-D4DC3C623505}.Release|Any CPU.Build.0 = Release|Any CPU
		{1EAFC632-FB2E-473E-8685-D4DC3C623505}.Release|ARM.ActiveCfg = Release|Any CPU
		{1EAFC632-FB2E-473E-8685-D4DC3C623505}.Release|ARM.Build.0 = Release|Any CPU
		{1EAFC632-FB2E-473E-8685-D4DC3C623505}.Release|ARM64.ActiveCfg = Release|Any CPU
		{1EAFC632-FB2E-473E-8685-D4DC3C623505}.Release|ARM64.Build.0 = Release|Any CPU
		{1EAFC632-FB2E-473E-8685-D4DC3C623505}.Release|iPhone.ActiveCfg = Release|Any CPU
		{1EAFC632-FB2E-473E-8685-D4DC3C623505}.Release|iPhone.Build.0 = Release|Any CPU
		{1EAFC632-FB2E-473E-8685-D4DC3C623505}.Release|iPhoneSimulator.ActiveCfg = Release|Any CPU
		{1EAFC632-FB2E-473E-8685-D4DC3C623505}.Release|iPhoneSimulator.Build.0 = Release|Any CPU
		{1EAFC632-FB2E-473E-8685-D4DC3C623505}.Release|x64.ActiveCfg = Release|Any CPU
		{1EAFC632-FB2E-473E-8685-D4DC3C623505}.Release|x64.Build.0 = Release|Any CPU
		{1EAFC632-FB2E-473E-8685-D4DC3C623505}.Release|x86.ActiveCfg = Release|Any CPU
		{1EAFC632-FB2E-473E-8685-D4DC3C623505}.Release|x86.Build.0 = Release|Any CPU
		{453FCF35-F67A-42A2-8BC3-CAE334C52747}.Ad-Hoc|Any CPU.ActiveCfg = Release|Any CPU
		{453FCF35-F67A-42A2-8BC3-CAE334C52747}.Ad-Hoc|Any CPU.Build.0 = Release|Any CPU
		{453FCF35-F67A-42A2-8BC3-CAE334C52747}.Ad-Hoc|ARM.ActiveCfg = Release|Any CPU
		{453FCF35-F67A-42A2-8BC3-CAE334C52747}.Ad-Hoc|ARM.Build.0 = Release|Any CPU
		{453FCF35-F67A-42A2-8BC3-CAE334C52747}.Ad-Hoc|ARM64.ActiveCfg = Release|Any CPU
		{453FCF35-F67A-42A2-8BC3-CAE334C52747}.Ad-Hoc|ARM64.Build.0 = Release|Any CPU
		{453FCF35-F67A-42A2-8BC3-CAE334C52747}.Ad-Hoc|iPhone.ActiveCfg = Release|Any CPU
		{453FCF35-F67A-42A2-8BC3-CAE334C52747}.Ad-Hoc|iPhone.Build.0 = Release|Any CPU
		{453FCF35-F67A-42A2-8BC3-CAE334C52747}.Ad-Hoc|iPhoneSimulator.ActiveCfg = Release|Any CPU
		{453FCF35-F67A-42A2-8BC3-CAE334C52747}.Ad-Hoc|iPhoneSimulator.Build.0 = Release|Any CPU
		{453FCF35-F67A-42A2-8BC3-CAE334C52747}.Ad-Hoc|x64.ActiveCfg = Release|Any CPU
		{453FCF35-F67A-42A2-8BC3-CAE334C52747}.Ad-Hoc|x64.Build.0 = Release|Any CPU
		{453FCF35-F67A-42A2-8BC3-CAE334C52747}.Ad-Hoc|x86.ActiveCfg = Release|Any CPU
		{453FCF35-F67A-42A2-8BC3-CAE334C52747}.Ad-Hoc|x86.Build.0 = Release|Any CPU
		{453FCF35-F67A-42A2-8BC3-CAE334C52747}.AppStore|Any CPU.ActiveCfg = Release|Any CPU
		{453FCF35-F67A-42A2-8BC3-CAE334C52747}.AppStore|Any CPU.Build.0 = Release|Any CPU
		{453FCF35-F67A-42A2-8BC3-CAE334C52747}.AppStore|ARM.ActiveCfg = Release|Any CPU
		{453FCF35-F67A-42A2-8BC3-CAE334C52747}.AppStore|ARM.Build.0 = Release|Any CPU
		{453FCF35-F67A-42A2-8BC3-CAE334C52747}.AppStore|ARM64.ActiveCfg = Release|Any CPU
		{453FCF35-F67A-42A2-8BC3-CAE334C52747}.AppStore|ARM64.Build.0 = Release|Any CPU
		{453FCF35-F67A-42A2-8BC3-CAE334C52747}.AppStore|iPhone.ActiveCfg = Release|Any CPU
		{453FCF35-F67A-42A2-8BC3-CAE334C52747}.AppStore|iPhone.Build.0 = Release|Any CPU
		{453FCF35-F67A-42A2-8BC3-CAE334C52747}.AppStore|iPhoneSimulator.ActiveCfg = Release|Any CPU
		{453FCF35-F67A-42A2-8BC3-CAE334C52747}.AppStore|iPhoneSimulator.Build.0 = Release|Any CPU
		{453FCF35-F67A-42A2-8BC3-CAE334C52747}.AppStore|x64.ActiveCfg = Release|Any CPU
		{453FCF35-F67A-42A2-8BC3-CAE334C52747}.AppStore|x64.Build.0 = Release|Any CPU
		{453FCF35-F67A-42A2-8BC3-CAE334C52747}.AppStore|x86.ActiveCfg = Release|Any CPU
		{453FCF35-F67A-42A2-8BC3-CAE334C52747}.AppStore|x86.Build.0 = Release|Any CPU
		{453FCF35-F67A-42A2-8BC3-CAE334C52747}.Debug|Any CPU.ActiveCfg = Debug|Any CPU
		{453FCF35-F67A-42A2-8BC3-CAE334C52747}.Debug|Any CPU.Build.0 = Debug|Any CPU
		{453FCF35-F67A-42A2-8BC3-CAE334C52747}.Debug|ARM.ActiveCfg = Debug|Any CPU
		{453FCF35-F67A-42A2-8BC3-CAE334C52747}.Debug|ARM.Build.0 = Debug|Any CPU
		{453FCF35-F67A-42A2-8BC3-CAE334C52747}.Debug|ARM64.ActiveCfg = Debug|Any CPU
		{453FCF35-F67A-42A2-8BC3-CAE334C52747}.Debug|ARM64.Build.0 = Debug|Any CPU
		{453FCF35-F67A-42A2-8BC3-CAE334C52747}.Debug|iPhone.ActiveCfg = Debug|Any CPU
		{453FCF35-F67A-42A2-8BC3-CAE334C52747}.Debug|iPhone.Build.0 = Debug|Any CPU
		{453FCF35-F67A-42A2-8BC3-CAE334C52747}.Debug|iPhoneSimulator.ActiveCfg = Debug|Any CPU
		{453FCF35-F67A-42A2-8BC3-CAE334C52747}.Debug|iPhoneSimulator.Build.0 = Debug|Any CPU
		{453FCF35-F67A-42A2-8BC3-CAE334C52747}.Debug|x64.ActiveCfg = Release|Any CPU
		{453FCF35-F67A-42A2-8BC3-CAE334C52747}.Debug|x64.Build.0 = Release|Any CPU
		{453FCF35-F67A-42A2-8BC3-CAE334C52747}.Debug|x86.ActiveCfg = Debug|Any CPU
		{453FCF35-F67A-42A2-8BC3-CAE334C52747}.Debug|x86.Build.0 = Debug|Any CPU
		{453FCF35-F67A-42A2-8BC3-CAE334C52747}.Release|Any CPU.ActiveCfg = Release|Any CPU
		{453FCF35-F67A-42A2-8BC3-CAE334C52747}.Release|Any CPU.Build.0 = Release|Any CPU
		{453FCF35-F67A-42A2-8BC3-CAE334C52747}.Release|ARM.ActiveCfg = Release|Any CPU
		{453FCF35-F67A-42A2-8BC3-CAE334C52747}.Release|ARM.Build.0 = Release|Any CPU
		{453FCF35-F67A-42A2-8BC3-CAE334C52747}.Release|ARM64.ActiveCfg = Release|Any CPU
		{453FCF35-F67A-42A2-8BC3-CAE334C52747}.Release|ARM64.Build.0 = Release|Any CPU
		{453FCF35-F67A-42A2-8BC3-CAE334C52747}.Release|iPhone.ActiveCfg = Release|Any CPU
		{453FCF35-F67A-42A2-8BC3-CAE334C52747}.Release|iPhone.Build.0 = Release|Any CPU
		{453FCF35-F67A-42A2-8BC3-CAE334C52747}.Release|iPhoneSimulator.ActiveCfg = Release|Any CPU
		{453FCF35-F67A-42A2-8BC3-CAE334C52747}.Release|iPhoneSimulator.Build.0 = Release|Any CPU
		{453FCF35-F67A-42A2-8BC3-CAE334C52747}.Release|x64.ActiveCfg = Release|Any CPU
		{453FCF35-F67A-42A2-8BC3-CAE334C52747}.Release|x64.Build.0 = Release|Any CPU
		{453FCF35-F67A-42A2-8BC3-CAE334C52747}.Release|x86.ActiveCfg = Release|Any CPU
		{453FCF35-F67A-42A2-8BC3-CAE334C52747}.Release|x86.Build.0 = Release|Any CPU
		{A8F77B81-0C38-4B82-B843-C6A328F7EB55}.Ad-Hoc|Any CPU.ActiveCfg = Release|Any CPU
		{A8F77B81-0C38-4B82-B843-C6A328F7EB55}.Ad-Hoc|Any CPU.Build.0 = Release|Any CPU
		{A8F77B81-0C38-4B82-B843-C6A328F7EB55}.Ad-Hoc|ARM.ActiveCfg = Release|Any CPU
		{A8F77B81-0C38-4B82-B843-C6A328F7EB55}.Ad-Hoc|ARM.Build.0 = Release|Any CPU
		{A8F77B81-0C38-4B82-B843-C6A328F7EB55}.Ad-Hoc|ARM64.ActiveCfg = Release|Any CPU
		{A8F77B81-0C38-4B82-B843-C6A328F7EB55}.Ad-Hoc|ARM64.Build.0 = Release|Any CPU
		{A8F77B81-0C38-4B82-B843-C6A328F7EB55}.Ad-Hoc|iPhone.ActiveCfg = Release|Any CPU
		{A8F77B81-0C38-4B82-B843-C6A328F7EB55}.Ad-Hoc|iPhone.Build.0 = Release|Any CPU
		{A8F77B81-0C38-4B82-B843-C6A328F7EB55}.Ad-Hoc|iPhoneSimulator.ActiveCfg = Release|Any CPU
		{A8F77B81-0C38-4B82-B843-C6A328F7EB55}.Ad-Hoc|iPhoneSimulator.Build.0 = Release|Any CPU
		{A8F77B81-0C38-4B82-B843-C6A328F7EB55}.Ad-Hoc|x64.ActiveCfg = Release|x64
		{A8F77B81-0C38-4B82-B843-C6A328F7EB55}.Ad-Hoc|x64.Build.0 = Release|x64
		{A8F77B81-0C38-4B82-B843-C6A328F7EB55}.Ad-Hoc|x86.ActiveCfg = Release|x86
		{A8F77B81-0C38-4B82-B843-C6A328F7EB55}.Ad-Hoc|x86.Build.0 = Release|x86
		{A8F77B81-0C38-4B82-B843-C6A328F7EB55}.AppStore|Any CPU.ActiveCfg = Release|Any CPU
		{A8F77B81-0C38-4B82-B843-C6A328F7EB55}.AppStore|Any CPU.Build.0 = Release|Any CPU
		{A8F77B81-0C38-4B82-B843-C6A328F7EB55}.AppStore|ARM.ActiveCfg = Release|Any CPU
		{A8F77B81-0C38-4B82-B843-C6A328F7EB55}.AppStore|ARM.Build.0 = Release|Any CPU
		{A8F77B81-0C38-4B82-B843-C6A328F7EB55}.AppStore|ARM64.ActiveCfg = Release|Any CPU
		{A8F77B81-0C38-4B82-B843-C6A328F7EB55}.AppStore|ARM64.Build.0 = Release|Any CPU
		{A8F77B81-0C38-4B82-B843-C6A328F7EB55}.AppStore|iPhone.ActiveCfg = Release|Any CPU
		{A8F77B81-0C38-4B82-B843-C6A328F7EB55}.AppStore|iPhone.Build.0 = Release|Any CPU
		{A8F77B81-0C38-4B82-B843-C6A328F7EB55}.AppStore|iPhoneSimulator.ActiveCfg = Release|Any CPU
		{A8F77B81-0C38-4B82-B843-C6A328F7EB55}.AppStore|iPhoneSimulator.Build.0 = Release|Any CPU
		{A8F77B81-0C38-4B82-B843-C6A328F7EB55}.AppStore|x64.ActiveCfg = Release|x64
		{A8F77B81-0C38-4B82-B843-C6A328F7EB55}.AppStore|x64.Build.0 = Release|x64
		{A8F77B81-0C38-4B82-B843-C6A328F7EB55}.AppStore|x86.ActiveCfg = Release|x86
		{A8F77B81-0C38-4B82-B843-C6A328F7EB55}.AppStore|x86.Build.0 = Release|x86
		{A8F77B81-0C38-4B82-B843-C6A328F7EB55}.Debug|Any CPU.ActiveCfg = Debug|Any CPU
		{A8F77B81-0C38-4B82-B843-C6A328F7EB55}.Debug|Any CPU.Build.0 = Debug|Any CPU
		{A8F77B81-0C38-4B82-B843-C6A328F7EB55}.Debug|ARM.ActiveCfg = Debug|Any CPU
		{A8F77B81-0C38-4B82-B843-C6A328F7EB55}.Debug|ARM.Build.0 = Debug|Any CPU
		{A8F77B81-0C38-4B82-B843-C6A328F7EB55}.Debug|ARM64.ActiveCfg = Debug|Any CPU
		{A8F77B81-0C38-4B82-B843-C6A328F7EB55}.Debug|ARM64.Build.0 = Debug|Any CPU
		{A8F77B81-0C38-4B82-B843-C6A328F7EB55}.Debug|iPhone.ActiveCfg = Debug|Any CPU
		{A8F77B81-0C38-4B82-B843-C6A328F7EB55}.Debug|iPhone.Build.0 = Debug|Any CPU
		{A8F77B81-0C38-4B82-B843-C6A328F7EB55}.Debug|iPhoneSimulator.ActiveCfg = Debug|Any CPU
		{A8F77B81-0C38-4B82-B843-C6A328F7EB55}.Debug|iPhoneSimulator.Build.0 = Debug|Any CPU
		{A8F77B81-0C38-4B82-B843-C6A328F7EB55}.Debug|x64.ActiveCfg = Debug|x64
		{A8F77B81-0C38-4B82-B843-C6A328F7EB55}.Debug|x64.Build.0 = Debug|x64
		{A8F77B81-0C38-4B82-B843-C6A328F7EB55}.Debug|x86.ActiveCfg = Debug|x86
		{A8F77B81-0C38-4B82-B843-C6A328F7EB55}.Debug|x86.Build.0 = Debug|x86
		{A8F77B81-0C38-4B82-B843-C6A328F7EB55}.Release|Any CPU.ActiveCfg = Release|Any CPU
		{A8F77B81-0C38-4B82-B843-C6A328F7EB55}.Release|Any CPU.Build.0 = Release|Any CPU
		{A8F77B81-0C38-4B82-B843-C6A328F7EB55}.Release|ARM.ActiveCfg = Release|Any CPU
		{A8F77B81-0C38-4B82-B843-C6A328F7EB55}.Release|ARM.Build.0 = Release|Any CPU
		{A8F77B81-0C38-4B82-B843-C6A328F7EB55}.Release|ARM64.ActiveCfg = Release|Any CPU
		{A8F77B81-0C38-4B82-B843-C6A328F7EB55}.Release|ARM64.Build.0 = Release|Any CPU
		{A8F77B81-0C38-4B82-B843-C6A328F7EB55}.Release|iPhone.ActiveCfg = Release|Any CPU
		{A8F77B81-0C38-4B82-B843-C6A328F7EB55}.Release|iPhone.Build.0 = Release|Any CPU
		{A8F77B81-0C38-4B82-B843-C6A328F7EB55}.Release|iPhoneSimulator.ActiveCfg = Release|Any CPU
		{A8F77B81-0C38-4B82-B843-C6A328F7EB55}.Release|iPhoneSimulator.Build.0 = Release|Any CPU
		{A8F77B81-0C38-4B82-B843-C6A328F7EB55}.Release|x64.ActiveCfg = Release|x64
		{A8F77B81-0C38-4B82-B843-C6A328F7EB55}.Release|x64.Build.0 = Release|x64
		{A8F77B81-0C38-4B82-B843-C6A328F7EB55}.Release|x86.ActiveCfg = Release|x86
		{A8F77B81-0C38-4B82-B843-C6A328F7EB55}.Release|x86.Build.0 = Release|x86
		{474E0061-ADAD-4A2F-B2AA-E13EE07D2157}.Ad-Hoc|Any CPU.ActiveCfg = Release|Any CPU
		{474E0061-ADAD-4A2F-B2AA-E13EE07D2157}.Ad-Hoc|Any CPU.Build.0 = Release|Any CPU
		{474E0061-ADAD-4A2F-B2AA-E13EE07D2157}.Ad-Hoc|ARM.ActiveCfg = Release|Any CPU
		{474E0061-ADAD-4A2F-B2AA-E13EE07D2157}.Ad-Hoc|ARM.Build.0 = Release|Any CPU
		{474E0061-ADAD-4A2F-B2AA-E13EE07D2157}.Ad-Hoc|ARM64.ActiveCfg = Release|Any CPU
		{474E0061-ADAD-4A2F-B2AA-E13EE07D2157}.Ad-Hoc|ARM64.Build.0 = Release|Any CPU
		{474E0061-ADAD-4A2F-B2AA-E13EE07D2157}.Ad-Hoc|iPhone.ActiveCfg = Release|Any CPU
		{474E0061-ADAD-4A2F-B2AA-E13EE07D2157}.Ad-Hoc|iPhone.Build.0 = Release|Any CPU
		{474E0061-ADAD-4A2F-B2AA-E13EE07D2157}.Ad-Hoc|iPhoneSimulator.ActiveCfg = Release|Any CPU
		{474E0061-ADAD-4A2F-B2AA-E13EE07D2157}.Ad-Hoc|iPhoneSimulator.Build.0 = Release|Any CPU
		{474E0061-ADAD-4A2F-B2AA-E13EE07D2157}.Ad-Hoc|x64.ActiveCfg = Release|x64
		{474E0061-ADAD-4A2F-B2AA-E13EE07D2157}.Ad-Hoc|x64.Build.0 = Release|x64
		{474E0061-ADAD-4A2F-B2AA-E13EE07D2157}.Ad-Hoc|x86.ActiveCfg = Release|x86
		{474E0061-ADAD-4A2F-B2AA-E13EE07D2157}.Ad-Hoc|x86.Build.0 = Release|x86
		{474E0061-ADAD-4A2F-B2AA-E13EE07D2157}.AppStore|Any CPU.ActiveCfg = Release|Any CPU
		{474E0061-ADAD-4A2F-B2AA-E13EE07D2157}.AppStore|Any CPU.Build.0 = Release|Any CPU
		{474E0061-ADAD-4A2F-B2AA-E13EE07D2157}.AppStore|ARM.ActiveCfg = Release|Any CPU
		{474E0061-ADAD-4A2F-B2AA-E13EE07D2157}.AppStore|ARM.Build.0 = Release|Any CPU
		{474E0061-ADAD-4A2F-B2AA-E13EE07D2157}.AppStore|ARM64.ActiveCfg = Release|Any CPU
		{474E0061-ADAD-4A2F-B2AA-E13EE07D2157}.AppStore|ARM64.Build.0 = Release|Any CPU
		{474E0061-ADAD-4A2F-B2AA-E13EE07D2157}.AppStore|iPhone.ActiveCfg = Release|Any CPU
		{474E0061-ADAD-4A2F-B2AA-E13EE07D2157}.AppStore|iPhone.Build.0 = Release|Any CPU
		{474E0061-ADAD-4A2F-B2AA-E13EE07D2157}.AppStore|iPhoneSimulator.ActiveCfg = Release|Any CPU
		{474E0061-ADAD-4A2F-B2AA-E13EE07D2157}.AppStore|iPhoneSimulator.Build.0 = Release|Any CPU
		{474E0061-ADAD-4A2F-B2AA-E13EE07D2157}.AppStore|x64.ActiveCfg = Release|x64
		{474E0061-ADAD-4A2F-B2AA-E13EE07D2157}.AppStore|x64.Build.0 = Release|x64
		{474E0061-ADAD-4A2F-B2AA-E13EE07D2157}.AppStore|x86.ActiveCfg = Release|x86
		{474E0061-ADAD-4A2F-B2AA-E13EE07D2157}.AppStore|x86.Build.0 = Release|x86
		{474E0061-ADAD-4A2F-B2AA-E13EE07D2157}.Debug|Any CPU.ActiveCfg = Debug|Any CPU
		{474E0061-ADAD-4A2F-B2AA-E13EE07D2157}.Debug|Any CPU.Build.0 = Debug|Any CPU
		{474E0061-ADAD-4A2F-B2AA-E13EE07D2157}.Debug|ARM.ActiveCfg = Debug|Any CPU
		{474E0061-ADAD-4A2F-B2AA-E13EE07D2157}.Debug|ARM.Build.0 = Debug|Any CPU
		{474E0061-ADAD-4A2F-B2AA-E13EE07D2157}.Debug|ARM64.ActiveCfg = Debug|Any CPU
		{474E0061-ADAD-4A2F-B2AA-E13EE07D2157}.Debug|ARM64.Build.0 = Debug|Any CPU
		{474E0061-ADAD-4A2F-B2AA-E13EE07D2157}.Debug|iPhone.ActiveCfg = Debug|Any CPU
		{474E0061-ADAD-4A2F-B2AA-E13EE07D2157}.Debug|iPhone.Build.0 = Debug|Any CPU
		{474E0061-ADAD-4A2F-B2AA-E13EE07D2157}.Debug|iPhoneSimulator.ActiveCfg = Debug|Any CPU
		{474E0061-ADAD-4A2F-B2AA-E13EE07D2157}.Debug|iPhoneSimulator.Build.0 = Debug|Any CPU
		{474E0061-ADAD-4A2F-B2AA-E13EE07D2157}.Debug|x64.ActiveCfg = Debug|x64
		{474E0061-ADAD-4A2F-B2AA-E13EE07D2157}.Debug|x64.Build.0 = Debug|x64
		{474E0061-ADAD-4A2F-B2AA-E13EE07D2157}.Debug|x86.ActiveCfg = Debug|x86
		{474E0061-ADAD-4A2F-B2AA-E13EE07D2157}.Debug|x86.Build.0 = Debug|x86
		{474E0061-ADAD-4A2F-B2AA-E13EE07D2157}.Release|Any CPU.ActiveCfg = Release|Any CPU
		{474E0061-ADAD-4A2F-B2AA-E13EE07D2157}.Release|Any CPU.Build.0 = Release|Any CPU
		{474E0061-ADAD-4A2F-B2AA-E13EE07D2157}.Release|ARM.ActiveCfg = Release|Any CPU
		{474E0061-ADAD-4A2F-B2AA-E13EE07D2157}.Release|ARM.Build.0 = Release|Any CPU
		{474E0061-ADAD-4A2F-B2AA-E13EE07D2157}.Release|ARM64.ActiveCfg = Release|Any CPU
		{474E0061-ADAD-4A2F-B2AA-E13EE07D2157}.Release|ARM64.Build.0 = Release|Any CPU
		{474E0061-ADAD-4A2F-B2AA-E13EE07D2157}.Release|iPhone.ActiveCfg = Release|Any CPU
		{474E0061-ADAD-4A2F-B2AA-E13EE07D2157}.Release|iPhone.Build.0 = Release|Any CPU
		{474E0061-ADAD-4A2F-B2AA-E13EE07D2157}.Release|iPhoneSimulator.ActiveCfg = Release|Any CPU
		{474E0061-ADAD-4A2F-B2AA-E13EE07D2157}.Release|iPhoneSimulator.Build.0 = Release|Any CPU
		{474E0061-ADAD-4A2F-B2AA-E13EE07D2157}.Release|x64.ActiveCfg = Release|x64
		{474E0061-ADAD-4A2F-B2AA-E13EE07D2157}.Release|x64.Build.0 = Release|x64
		{474E0061-ADAD-4A2F-B2AA-E13EE07D2157}.Release|x86.ActiveCfg = Release|x86
		{474E0061-ADAD-4A2F-B2AA-E13EE07D2157}.Release|x86.Build.0 = Release|x86
		{D7047F27-8190-4B40-87CA-AA9E3DE42579}.Ad-Hoc|Any CPU.ActiveCfg = Debug|Any CPU
		{D7047F27-8190-4B40-87CA-AA9E3DE42579}.Ad-Hoc|Any CPU.Build.0 = Debug|Any CPU
		{D7047F27-8190-4B40-87CA-AA9E3DE42579}.Ad-Hoc|ARM.ActiveCfg = Debug|Any CPU
		{D7047F27-8190-4B40-87CA-AA9E3DE42579}.Ad-Hoc|ARM.Build.0 = Debug|Any CPU
		{D7047F27-8190-4B40-87CA-AA9E3DE42579}.Ad-Hoc|ARM64.ActiveCfg = Debug|Any CPU
		{D7047F27-8190-4B40-87CA-AA9E3DE42579}.Ad-Hoc|ARM64.Build.0 = Debug|Any CPU
		{D7047F27-8190-4B40-87CA-AA9E3DE42579}.Ad-Hoc|iPhone.ActiveCfg = Debug|Any CPU
		{D7047F27-8190-4B40-87CA-AA9E3DE42579}.Ad-Hoc|iPhone.Build.0 = Debug|Any CPU
		{D7047F27-8190-4B40-87CA-AA9E3DE42579}.Ad-Hoc|iPhoneSimulator.ActiveCfg = Debug|Any CPU
		{D7047F27-8190-4B40-87CA-AA9E3DE42579}.Ad-Hoc|iPhoneSimulator.Build.0 = Debug|Any CPU
		{D7047F27-8190-4B40-87CA-AA9E3DE42579}.Ad-Hoc|x64.ActiveCfg = Debug|Any CPU
		{D7047F27-8190-4B40-87CA-AA9E3DE42579}.Ad-Hoc|x64.Build.0 = Debug|Any CPU
		{D7047F27-8190-4B40-87CA-AA9E3DE42579}.Ad-Hoc|x86.ActiveCfg = Debug|Any CPU
		{D7047F27-8190-4B40-87CA-AA9E3DE42579}.Ad-Hoc|x86.Build.0 = Debug|Any CPU
		{D7047F27-8190-4B40-87CA-AA9E3DE42579}.AppStore|Any CPU.ActiveCfg = Debug|Any CPU
		{D7047F27-8190-4B40-87CA-AA9E3DE42579}.AppStore|Any CPU.Build.0 = Debug|Any CPU
		{D7047F27-8190-4B40-87CA-AA9E3DE42579}.AppStore|ARM.ActiveCfg = Debug|Any CPU
		{D7047F27-8190-4B40-87CA-AA9E3DE42579}.AppStore|ARM.Build.0 = Debug|Any CPU
		{D7047F27-8190-4B40-87CA-AA9E3DE42579}.AppStore|ARM64.ActiveCfg = Debug|Any CPU
		{D7047F27-8190-4B40-87CA-AA9E3DE42579}.AppStore|ARM64.Build.0 = Debug|Any CPU
		{D7047F27-8190-4B40-87CA-AA9E3DE42579}.AppStore|iPhone.ActiveCfg = Debug|Any CPU
		{D7047F27-8190-4B40-87CA-AA9E3DE42579}.AppStore|iPhone.Build.0 = Debug|Any CPU
		{D7047F27-8190-4B40-87CA-AA9E3DE42579}.AppStore|iPhoneSimulator.ActiveCfg = Debug|Any CPU
		{D7047F27-8190-4B40-87CA-AA9E3DE42579}.AppStore|iPhoneSimulator.Build.0 = Debug|Any CPU
		{D7047F27-8190-4B40-87CA-AA9E3DE42579}.AppStore|x64.ActiveCfg = Debug|Any CPU
		{D7047F27-8190-4B40-87CA-AA9E3DE42579}.AppStore|x64.Build.0 = Debug|Any CPU
		{D7047F27-8190-4B40-87CA-AA9E3DE42579}.AppStore|x86.ActiveCfg = Debug|Any CPU
		{D7047F27-8190-4B40-87CA-AA9E3DE42579}.AppStore|x86.Build.0 = Debug|Any CPU
		{D7047F27-8190-4B40-87CA-AA9E3DE42579}.Debug|Any CPU.ActiveCfg = Debug|Any CPU
		{D7047F27-8190-4B40-87CA-AA9E3DE42579}.Debug|Any CPU.Build.0 = Debug|Any CPU
		{D7047F27-8190-4B40-87CA-AA9E3DE42579}.Debug|ARM.ActiveCfg = Debug|Any CPU
		{D7047F27-8190-4B40-87CA-AA9E3DE42579}.Debug|ARM.Build.0 = Debug|Any CPU
		{D7047F27-8190-4B40-87CA-AA9E3DE42579}.Debug|ARM64.ActiveCfg = Debug|Any CPU
		{D7047F27-8190-4B40-87CA-AA9E3DE42579}.Debug|ARM64.Build.0 = Debug|Any CPU
		{D7047F27-8190-4B40-87CA-AA9E3DE42579}.Debug|iPhone.ActiveCfg = Debug|Any CPU
		{D7047F27-8190-4B40-87CA-AA9E3DE42579}.Debug|iPhone.Build.0 = Debug|Any CPU
		{D7047F27-8190-4B40-87CA-AA9E3DE42579}.Debug|iPhoneSimulator.ActiveCfg = Debug|Any CPU
		{D7047F27-8190-4B40-87CA-AA9E3DE42579}.Debug|iPhoneSimulator.Build.0 = Debug|Any CPU
		{D7047F27-8190-4B40-87CA-AA9E3DE42579}.Debug|x64.ActiveCfg = Debug|Any CPU
		{D7047F27-8190-4B40-87CA-AA9E3DE42579}.Debug|x64.Build.0 = Debug|Any CPU
		{D7047F27-8190-4B40-87CA-AA9E3DE42579}.Debug|x86.ActiveCfg = Debug|Any CPU
		{D7047F27-8190-4B40-87CA-AA9E3DE42579}.Debug|x86.Build.0 = Debug|Any CPU
		{D7047F27-8190-4B40-87CA-AA9E3DE42579}.Release|Any CPU.ActiveCfg = Release|Any CPU
		{D7047F27-8190-4B40-87CA-AA9E3DE42579}.Release|Any CPU.Build.0 = Release|Any CPU
		{D7047F27-8190-4B40-87CA-AA9E3DE42579}.Release|ARM.ActiveCfg = Release|Any CPU
		{D7047F27-8190-4B40-87CA-AA9E3DE42579}.Release|ARM.Build.0 = Release|Any CPU
		{D7047F27-8190-4B40-87CA-AA9E3DE42579}.Release|ARM64.ActiveCfg = Release|Any CPU
		{D7047F27-8190-4B40-87CA-AA9E3DE42579}.Release|ARM64.Build.0 = Release|Any CPU
		{D7047F27-8190-4B40-87CA-AA9E3DE42579}.Release|iPhone.ActiveCfg = Release|Any CPU
		{D7047F27-8190-4B40-87CA-AA9E3DE42579}.Release|iPhone.Build.0 = Release|Any CPU
		{D7047F27-8190-4B40-87CA-AA9E3DE42579}.Release|iPhoneSimulator.ActiveCfg = Release|Any CPU
		{D7047F27-8190-4B40-87CA-AA9E3DE42579}.Release|iPhoneSimulator.Build.0 = Release|Any CPU
		{D7047F27-8190-4B40-87CA-AA9E3DE42579}.Release|x64.ActiveCfg = Release|Any CPU
		{D7047F27-8190-4B40-87CA-AA9E3DE42579}.Release|x64.Build.0 = Release|Any CPU
		{D7047F27-8190-4B40-87CA-AA9E3DE42579}.Release|x86.ActiveCfg = Release|Any CPU
		{D7047F27-8190-4B40-87CA-AA9E3DE42579}.Release|x86.Build.0 = Release|Any CPU
	EndGlobalSection
	GlobalSection(SolutionProperties) = preSolution
		HideSolutionNode = FALSE
	EndGlobalSection
	GlobalSection(ExtensibilityGlobals) = postSolution
		SolutionGuid = {A1233876-7BA8-49AA-9CC2-027456FFF7C0}
	EndGlobalSection
EndGlobal
