
Microsoft Visual Studio Solution File, Format Version 12.00
# Visual Studio 15
VisualStudioVersion = 15.0.28307.960
MinimumVisualStudioVersion = 10.0.40219.1
Project("{FAE04EC0-301F-11D3-BF4B-00C04F79EFBC}") = "AE_Util_skelton", "AE_Util_skelton\AE_Util_skelton.csproj", "{831CCEAB-566A-4C07-B29C-8195AD08BFCF}"
EndProject
Project("{FAE04EC0-301F-11D3-BF4B-00C04F79EFBC}") = "AE_Expression_CopyPaste", "AE_Expression_CopyPaste\AE_Expression_CopyPaste.csproj", "{34038CC6-6FFA-4D72-BA30-8A63D6511F33}"
EndProject
Project("{FAE04EC0-301F-11D3-BF4B-00C04F79EFBC}") = "AE_ColorPalette", "AE_ColorPalette\AE_ColorPalette.csproj", "{79D3754E-9534-4F40-8516-30CD9215289D}"
EndProject
Project("{FAE04EC0-301F-11D3-BF4B-00C04F79EFBC}") = "AE_Calc", "AE_Calc\AE_Calc.csproj", "{79B6551D-46F6-4779-89F3-1474484F7B76}"
EndProject
Project("{FAE04EC0-301F-11D3-BF4B-00C04F79EFBC}") = "AE_Triangle", "AE_Triangle\AE_Triangle.csproj", "{B870AD23-506F-4D90-BAB1-78A6CB015A89}"
EndProject
Project("{FAE04EC0-301F-11D3-BF4B-00C04F79EFBC}") = "aeclip", "aeclip\aeclip.csproj", "{7DC50DB8-0AD4-4DD2-8190-607CA6C98FC1}"
EndProject
Project("{2150E333-8FDC-42A3-9474-1A3956D46DE8}") = "Solution Items", "Solution Items", "{35BE8040-CBA6-4CB8-8E7D-E84EBAE191F1}"
	ProjectSection(SolutionItems) = preProject
		配布用アーカイブ\AE_Util_01.zip = 配布用アーカイブ\AE_Util_01.zip
	EndProjectSection
EndProject
Global
	GlobalSection(SolutionConfigurationPlatforms) = preSolution
		Debug|Any CPU = Debug|Any CPU
		Debug|x64 = Debug|x64
		Debug|x86 = Debug|x86
		Release|Any CPU = Release|Any CPU
		Release|x64 = Release|x64
		Release|x86 = Release|x86
	EndGlobalSection
	GlobalSection(ProjectConfigurationPlatforms) = postSolution
		{831CCEAB-566A-4C07-B29C-8195AD08BFCF}.Debug|Any CPU.ActiveCfg = Debug|Any CPU
		{831CCEAB-566A-4C07-B29C-8195AD08BFCF}.Debug|Any CPU.Build.0 = Debug|Any CPU
		{831CCEAB-566A-4C07-B29C-8195AD08BFCF}.Debug|x64.ActiveCfg = Debug|x64
		{831CCEAB-566A-4C07-B29C-8195AD08BFCF}.Debug|x64.Build.0 = Debug|x64
		{831CCEAB-566A-4C07-B29C-8195AD08BFCF}.Debug|x86.ActiveCfg = Debug|x86
		{831CCEAB-566A-4C07-B29C-8195AD08BFCF}.Debug|x86.Build.0 = Debug|x86
		{831CCEAB-566A-4C07-B29C-8195AD08BFCF}.Release|Any CPU.ActiveCfg = Release|Any CPU
		{831CCEAB-566A-4C07-B29C-8195AD08BFCF}.Release|Any CPU.Build.0 = Release|Any CPU
		{831CCEAB-566A-4C07-B29C-8195AD08BFCF}.Release|x64.ActiveCfg = Release|x64
		{831CCEAB-566A-4C07-B29C-8195AD08BFCF}.Release|x64.Build.0 = Release|x64
		{831CCEAB-566A-4C07-B29C-8195AD08BFCF}.Release|x86.ActiveCfg = Release|x86
		{831CCEAB-566A-4C07-B29C-8195AD08BFCF}.Release|x86.Build.0 = Release|x86
		{34038CC6-6FFA-4D72-BA30-8A63D6511F33}.Debug|Any CPU.ActiveCfg = Debug|Any CPU
		{34038CC6-6FFA-4D72-BA30-8A63D6511F33}.Debug|Any CPU.Build.0 = Debug|Any CPU
		{34038CC6-6FFA-4D72-BA30-8A63D6511F33}.Debug|x64.ActiveCfg = Debug|x64
		{34038CC6-6FFA-4D72-BA30-8A63D6511F33}.Debug|x64.Build.0 = Debug|x64
		{34038CC6-6FFA-4D72-BA30-8A63D6511F33}.Debug|x86.ActiveCfg = Debug|x86
		{34038CC6-6FFA-4D72-BA30-8A63D6511F33}.Debug|x86.Build.0 = Debug|x86
		{34038CC6-6FFA-4D72-BA30-8A63D6511F33}.Release|Any CPU.ActiveCfg = Release|Any CPU
		{34038CC6-6FFA-4D72-BA30-8A63D6511F33}.Release|Any CPU.Build.0 = Release|Any CPU
		{34038CC6-6FFA-4D72-BA30-8A63D6511F33}.Release|x64.ActiveCfg = Release|x64
		{34038CC6-6FFA-4D72-BA30-8A63D6511F33}.Release|x64.Build.0 = Release|x64
		{34038CC6-6FFA-4D72-BA30-8A63D6511F33}.Release|x86.ActiveCfg = Release|x86
		{34038CC6-6FFA-4D72-BA30-8A63D6511F33}.Release|x86.Build.0 = Release|x86
		{79D3754E-9534-4F40-8516-30CD9215289D}.Debug|Any CPU.ActiveCfg = Debug|Any CPU
		{79D3754E-9534-4F40-8516-30CD9215289D}.Debug|Any CPU.Build.0 = Debug|Any CPU
		{79D3754E-9534-4F40-8516-30CD9215289D}.Debug|x64.ActiveCfg = Debug|x64
		{79D3754E-9534-4F40-8516-30CD9215289D}.Debug|x64.Build.0 = Debug|x64
		{79D3754E-9534-4F40-8516-30CD9215289D}.Debug|x86.ActiveCfg = Debug|x86
		{79D3754E-9534-4F40-8516-30CD9215289D}.Debug|x86.Build.0 = Debug|x86
		{79D3754E-9534-4F40-8516-30CD9215289D}.Release|Any CPU.ActiveCfg = Release|Any CPU
		{79D3754E-9534-4F40-8516-30CD9215289D}.Release|Any CPU.Build.0 = Release|Any CPU
		{79D3754E-9534-4F40-8516-30CD9215289D}.Release|x64.ActiveCfg = Release|x64
		{79D3754E-9534-4F40-8516-30CD9215289D}.Release|x64.Build.0 = Release|x64
		{79D3754E-9534-4F40-8516-30CD9215289D}.Release|x86.ActiveCfg = Release|x86
		{79D3754E-9534-4F40-8516-30CD9215289D}.Release|x86.Build.0 = Release|x86
		{79B6551D-46F6-4779-89F3-1474484F7B76}.Debug|Any CPU.ActiveCfg = Debug|Any CPU
		{79B6551D-46F6-4779-89F3-1474484F7B76}.Debug|Any CPU.Build.0 = Debug|Any CPU
		{79B6551D-46F6-4779-89F3-1474484F7B76}.Debug|x64.ActiveCfg = Debug|x64
		{79B6551D-46F6-4779-89F3-1474484F7B76}.Debug|x64.Build.0 = Debug|x64
		{79B6551D-46F6-4779-89F3-1474484F7B76}.Debug|x86.ActiveCfg = Debug|x86
		{79B6551D-46F6-4779-89F3-1474484F7B76}.Debug|x86.Build.0 = Debug|x86
		{79B6551D-46F6-4779-89F3-1474484F7B76}.Release|Any CPU.ActiveCfg = Release|Any CPU
		{79B6551D-46F6-4779-89F3-1474484F7B76}.Release|Any CPU.Build.0 = Release|Any CPU
		{79B6551D-46F6-4779-89F3-1474484F7B76}.Release|x64.ActiveCfg = Release|x64
		{79B6551D-46F6-4779-89F3-1474484F7B76}.Release|x64.Build.0 = Release|x64
		{79B6551D-46F6-4779-89F3-1474484F7B76}.Release|x86.ActiveCfg = Release|x86
		{79B6551D-46F6-4779-89F3-1474484F7B76}.Release|x86.Build.0 = Release|x86
		{B870AD23-506F-4D90-BAB1-78A6CB015A89}.Debug|Any CPU.ActiveCfg = Debug|Any CPU
		{B870AD23-506F-4D90-BAB1-78A6CB015A89}.Debug|Any CPU.Build.0 = Debug|Any CPU
		{B870AD23-506F-4D90-BAB1-78A6CB015A89}.Debug|x64.ActiveCfg = Debug|x64
		{B870AD23-506F-4D90-BAB1-78A6CB015A89}.Debug|x64.Build.0 = Debug|x64
		{B870AD23-506F-4D90-BAB1-78A6CB015A89}.Debug|x86.ActiveCfg = Debug|x86
		{B870AD23-506F-4D90-BAB1-78A6CB015A89}.Debug|x86.Build.0 = Debug|x86
		{B870AD23-506F-4D90-BAB1-78A6CB015A89}.Release|Any CPU.ActiveCfg = Release|Any CPU
		{B870AD23-506F-4D90-BAB1-78A6CB015A89}.Release|Any CPU.Build.0 = Release|Any CPU
		{B870AD23-506F-4D90-BAB1-78A6CB015A89}.Release|x64.ActiveCfg = Release|x64
		{B870AD23-506F-4D90-BAB1-78A6CB015A89}.Release|x64.Build.0 = Release|x64
		{B870AD23-506F-4D90-BAB1-78A6CB015A89}.Release|x86.ActiveCfg = Release|x86
		{B870AD23-506F-4D90-BAB1-78A6CB015A89}.Release|x86.Build.0 = Release|x86
		{7DC50DB8-0AD4-4DD2-8190-607CA6C98FC1}.Debug|Any CPU.ActiveCfg = Debug|Any CPU
		{7DC50DB8-0AD4-4DD2-8190-607CA6C98FC1}.Debug|Any CPU.Build.0 = Debug|Any CPU
		{7DC50DB8-0AD4-4DD2-8190-607CA6C98FC1}.Debug|x64.ActiveCfg = Debug|Any CPU
		{7DC50DB8-0AD4-4DD2-8190-607CA6C98FC1}.Debug|x64.Build.0 = Debug|Any CPU
		{7DC50DB8-0AD4-4DD2-8190-607CA6C98FC1}.Debug|x86.ActiveCfg = Debug|Any CPU
		{7DC50DB8-0AD4-4DD2-8190-607CA6C98FC1}.Debug|x86.Build.0 = Debug|Any CPU
		{7DC50DB8-0AD4-4DD2-8190-607CA6C98FC1}.Release|Any CPU.ActiveCfg = Release|Any CPU
		{7DC50DB8-0AD4-4DD2-8190-607CA6C98FC1}.Release|Any CPU.Build.0 = Release|Any CPU
		{7DC50DB8-0AD4-4DD2-8190-607CA6C98FC1}.Release|x64.ActiveCfg = Release|Any CPU
		{7DC50DB8-0AD4-4DD2-8190-607CA6C98FC1}.Release|x64.Build.0 = Release|Any CPU
		{7DC50DB8-0AD4-4DD2-8190-607CA6C98FC1}.Release|x86.ActiveCfg = Release|Any CPU
		{7DC50DB8-0AD4-4DD2-8190-607CA6C98FC1}.Release|x86.Build.0 = Release|Any CPU
	EndGlobalSection
	GlobalSection(SolutionProperties) = preSolution
		HideSolutionNode = FALSE
	EndGlobalSection
	GlobalSection(ExtensibilityGlobals) = postSolution
		SolutionGuid = {A1233876-7BA8-49AA-9CC2-027456FFF7C0}
	EndGlobalSection
EndGlobal
