
Microsoft Visual Studio Solution File, Format Version 12.00
# Blend for Visual Studio Version 16
VisualStudioVersion = 16.0.30413.136
MinimumVisualStudioVersion = 10.0.40219.1
Project("{FAE04EC0-301F-11D3-BF4B-00C04F79EFBC}") = "AE_Util_skelton", "AE_Util_skelton\AE_Util_skelton.csproj", "{831CCEAB-566A-4C07-B29C-8195AD08BFCF}"
EndProject
Project("{FAE04EC0-301F-11D3-BF4B-00C04F79EFBC}") = "AE_Expression_CopyPaste", "AE_Expression_CopyPaste\AE_Expression_CopyPaste.csproj", "{34038CC6-6FFA-4D72-BA30-8A63D6511F33}"
EndProject
Project("{FAE04EC0-301F-11D3-BF4B-00C04F79EFBC}") = "AE_ColorPalette", "AE_ColorPalette\AE_ColorPalette.csproj", "{79D3754E-9534-4F40-8516-30CD9215289D}"
EndProject
Project("{FAE04EC0-301F-11D3-BF4B-00C04F79EFBC}") = "AE_Calc", "AE_Calc\AE_Calc.csproj", "{79B6551D-46F6-4779-89F3-1474484F7B76}"
EndProject
Project("{FAE04EC0-301F-11D3-BF4B-00C04F79EFBC}") = "aeclip", "aeclip\aeclip.csproj", "{7DC50DB8-0AD4-4DD2-8190-607CA6C98FC1}"
EndProject
Project("{FAE04EC0-301F-11D3-BF4B-00C04F79EFBC}") = "AE_ImageViewer", "AE_ImageViewer\AE_ImageViewer.csproj", "{E83F8723-D0E9-46B5-9747-230FF903200B}"
EndProject
Project("{FAE04EC0-301F-11D3-BF4B-00C04F79EFBC}") = "AE_Menu", "AE_Menu\AE_Menu.csproj", "{7C50A9E5-657A-49C0-ADEF-0596CA2DAC1B}"
EndProject
Project("{FAE04EC0-301F-11D3-BF4B-00C04F79EFBC}") = "MousePos", "MousePos\MousePos.csproj", "{48FDEC66-F431-4BAF-9ED1-5F4D8B05F113}"
EndProject
Global
	GlobalSection(SolutionConfigurationPlatforms) = preSolution
		Debug|Any CPU = Debug|Any CPU
		Debug|x64 = Debug|x64
		Debug|x86 = Debug|x86
		Release|Any CPU = Release|Any CPU
		Release|x64 = Release|x64
		Release|x86 = Release|x86
	EndGlobalSection
	GlobalSection(ProjectConfigurationPlatforms) = postSolution
		{831CCEAB-566A-4C07-B29C-8195AD08BFCF}.Debug|Any CPU.ActiveCfg = Debug|Any CPU
		{831CCEAB-566A-4C07-B29C-8195AD08BFCF}.Debug|Any CPU.Build.0 = Debug|Any CPU
		{831CCEAB-566A-4C07-B29C-8195AD08BFCF}.Debug|x64.ActiveCfg = Debug|x64
		{831CCEAB-566A-4C07-B29C-8195AD08BFCF}.Debug|x64.Build.0 = Debug|x64
		{831CCEAB-566A-4C07-B29C-8195AD08BFCF}.Debug|x86.ActiveCfg = Debug|x86
		{831CCEAB-566A-4C07-B29C-8195AD08BFCF}.Debug|x86.Build.0 = Debug|x86
		{831CCEAB-566A-4C07-B29C-8195AD08BFCF}.Release|Any CPU.ActiveCfg = Release|Any CPU
		{831CCEAB-566A-4C07-B29C-8195AD08BFCF}.Release|Any CPU.Build.0 = Release|Any CPU
		{831CCEAB-566A-4C07-B29C-8195AD08BFCF}.Release|x64.ActiveCfg = Release|x64
		{831CCEAB-566A-4C07-B29C-8195AD08BFCF}.Release|x64.Build.0 = Release|x64
		{831CCEAB-566A-4C07-B29C-8195AD08BFCF}.Release|x86.ActiveCfg = Release|x86
		{831CCEAB-566A-4C07-B29C-8195AD08BFCF}.Release|x86.Build.0 = Release|x86
		{34038CC6-6FFA-4D72-BA30-8A63D6511F33}.Debug|Any CPU.ActiveCfg = Debug|Any CPU
		{34038CC6-6FFA-4D72-BA30-8A63D6511F33}.Debug|Any CPU.Build.0 = Debug|Any CPU
		{34038CC6-6FFA-4D72-BA30-8A63D6511F33}.Debug|x64.ActiveCfg = Debug|x64
		{34038CC6-6FFA-4D72-BA30-8A63D6511F33}.Debug|x64.Build.0 = Debug|x64
		{34038CC6-6FFA-4D72-BA30-8A63D6511F33}.Debug|x86.ActiveCfg = Debug|x86
		{34038CC6-6FFA-4D72-BA30-8A63D6511F33}.Debug|x86.Build.0 = Debug|x86
		{34038CC6-6FFA-4D72-BA30-8A63D6511F33}.Release|Any CPU.ActiveCfg = Release|Any CPU
		{34038CC6-6FFA-4D72-BA30-8A63D6511F33}.Release|Any CPU.Build.0 = Release|Any CPU
		{34038CC6-6FFA-4D72-BA30-8A63D6511F33}.Release|x64.ActiveCfg = Release|x64
		{34038CC6-6FFA-4D72-BA30-8A63D6511F33}.Release|x64.Build.0 = Release|x64
		{34038CC6-6FFA-4D72-BA30-8A63D6511F33}.Release|x86.ActiveCfg = Release|x86
		{34038CC6-6FFA-4D72-BA30-8A63D6511F33}.Release|x86.Build.0 = Release|x86
		{79D3754E-9534-4F40-8516-30CD9215289D}.Debug|Any CPU.ActiveCfg = Debug|Any CPU
		{79D3754E-9534-4F40-8516-30CD9215289D}.Debug|Any CPU.Build.0 = Debug|Any CPU
		{79D3754E-9534-4F40-8516-30CD9215289D}.Debug|x64.ActiveCfg = Debug|x64
		{79D3754E-9534-4F40-8516-30CD9215289D}.Debug|x64.Build.0 = Debug|x64
		{79D3754E-9534-4F40-8516-30CD9215289D}.Debug|x86.ActiveCfg = Debug|x86
		{79D3754E-9534-4F40-8516-30CD9215289D}.Debug|x86.Build.0 = Debug|x86
		{79D3754E-9534-4F40-8516-30CD9215289D}.Release|Any CPU.ActiveCfg = Release|Any CPU
		{79D3754E-9534-4F40-8516-30CD9215289D}.Release|Any CPU.Build.0 = Release|Any CPU
		{79D3754E-9534-4F40-8516-30CD9215289D}.Release|x64.ActiveCfg = Release|x64
		{79D3754E-9534-4F40-8516-30CD9215289D}.Release|x64.Build.0 = Release|x64
		{79D3754E-9534-4F40-8516-30CD9215289D}.Release|x86.ActiveCfg = Release|x86
		{79D3754E-9534-4F40-8516-30CD9215289D}.Release|x86.Build.0 = Release|x86
		{79B6551D-46F6-4779-89F3-1474484F7B76}.Debug|Any CPU.ActiveCfg = Debug|Any CPU
		{79B6551D-46F6-4779-89F3-1474484F7B76}.Debug|Any CPU.Build.0 = Debug|Any CPU
		{79B6551D-46F6-4779-89F3-1474484F7B76}.Debug|x64.ActiveCfg = Debug|x64
		{79B6551D-46F6-4779-89F3-1474484F7B76}.Debug|x64.Build.0 = Debug|x64
		{79B6551D-46F6-4779-89F3-1474484F7B76}.Debug|x86.ActiveCfg = Debug|x86
		{79B6551D-46F6-4779-89F3-1474484F7B76}.Debug|x86.Build.0 = Debug|x86
		{79B6551D-46F6-4779-89F3-1474484F7B76}.Release|Any CPU.ActiveCfg = Release|Any CPU
		{79B6551D-46F6-4779-89F3-1474484F7B76}.Release|Any CPU.Build.0 = Release|Any CPU
		{79B6551D-46F6-4779-89F3-1474484F7B76}.Release|x64.ActiveCfg = Release|x64
		{79B6551D-46F6-4779-89F3-1474484F7B76}.Release|x64.Build.0 = Release|x64
		{79B6551D-46F6-4779-89F3-1474484F7B76}.Release|x86.ActiveCfg = Release|x86
		{79B6551D-46F6-4779-89F3-1474484F7B76}.Release|x86.Build.0 = Release|x86
		{7DC50DB8-0AD4-4DD2-8190-607CA6C98FC1}.Debug|Any CPU.ActiveCfg = Debug|Any CPU
		{7DC50DB8-0AD4-4DD2-8190-607CA6C98FC1}.Debug|Any CPU.Build.0 = Debug|Any CPU
		{7DC50DB8-0AD4-4DD2-8190-607CA6C98FC1}.Debug|x64.ActiveCfg = Debug|Any CPU
		{7DC50DB8-0AD4-4DD2-8190-607CA6C98FC1}.Debug|x64.Build.0 = Debug|Any CPU
		{7DC50DB8-0AD4-4DD2-8190-607CA6C98FC1}.Debug|x86.ActiveCfg = Debug|Any CPU
		{7DC50DB8-0AD4-4DD2-8190-607CA6C98FC1}.Debug|x86.Build.0 = Debug|Any CPU
		{7DC50DB8-0AD4-4DD2-8190-607CA6C98FC1}.Release|Any CPU.ActiveCfg = Release|Any CPU
		{7DC50DB8-0AD4-4DD2-8190-607CA6C98FC1}.Release|Any CPU.Build.0 = Release|Any CPU
		{7DC50DB8-0AD4-4DD2-8190-607CA6C98FC1}.Release|x64.ActiveCfg = Release|Any CPU
		{7DC50DB8-0AD4-4DD2-8190-607CA6C98FC1}.Release|x64.Build.0 = Release|Any CPU
		{7DC50DB8-0AD4-4DD2-8190-607CA6C98FC1}.Release|x86.ActiveCfg = Release|Any CPU
		{7DC50DB8-0AD4-4DD2-8190-607CA6C98FC1}.Release|x86.Build.0 = Release|Any CPU
		{E83F8723-D0E9-46B5-9747-230FF903200B}.Debug|Any CPU.ActiveCfg = Debug|Any CPU
		{E83F8723-D0E9-46B5-9747-230FF903200B}.Debug|Any CPU.Build.0 = Debug|Any CPU
		{E83F8723-D0E9-46B5-9747-230FF903200B}.Debug|x64.ActiveCfg = Debug|x64
		{E83F8723-D0E9-46B5-9747-230FF903200B}.Debug|x64.Build.0 = Debug|x64
		{E83F8723-D0E9-46B5-9747-230FF903200B}.Debug|x86.ActiveCfg = Debug|x86
		{E83F8723-D0E9-46B5-9747-230FF903200B}.Debug|x86.Build.0 = Debug|x86
		{E83F8723-D0E9-46B5-9747-230FF903200B}.Release|Any CPU.ActiveCfg = Release|Any CPU
		{E83F8723-D0E9-46B5-9747-230FF903200B}.Release|Any CPU.Build.0 = Release|Any CPU
		{E83F8723-D0E9-46B5-9747-230FF903200B}.Release|x64.ActiveCfg = Release|x64
		{E83F8723-D0E9-46B5-9747-230FF903200B}.Release|x64.Build.0 = Release|x64
		{E83F8723-D0E9-46B5-9747-230FF903200B}.Release|x86.ActiveCfg = Release|x86
		{E83F8723-D0E9-46B5-9747-230FF903200B}.Release|x86.Build.0 = Release|x86
		{7C50A9E5-657A-49C0-ADEF-0596CA2DAC1B}.Debug|Any CPU.ActiveCfg = Debug|Any CPU
		{7C50A9E5-657A-49C0-ADEF-0596CA2DAC1B}.Debug|Any CPU.Build.0 = Debug|Any CPU
		{7C50A9E5-657A-49C0-ADEF-0596CA2DAC1B}.Debug|x64.ActiveCfg = Debug|x64
		{7C50A9E5-657A-49C0-ADEF-0596CA2DAC1B}.Debug|x64.Build.0 = Debug|x64
		{7C50A9E5-657A-49C0-ADEF-0596CA2DAC1B}.Debug|x86.ActiveCfg = Debug|x86
		{7C50A9E5-657A-49C0-ADEF-0596CA2DAC1B}.Debug|x86.Build.0 = Debug|x86
		{7C50A9E5-657A-49C0-ADEF-0596CA2DAC1B}.Release|Any CPU.ActiveCfg = Release|Any CPU
		{7C50A9E5-657A-49C0-ADEF-0596CA2DAC1B}.Release|Any CPU.Build.0 = Release|Any CPU
		{7C50A9E5-657A-49C0-ADEF-0596CA2DAC1B}.Release|x64.ActiveCfg = Release|x64
		{7C50A9E5-657A-49C0-ADEF-0596CA2DAC1B}.Release|x64.Build.0 = Release|x64
		{7C50A9E5-657A-49C0-ADEF-0596CA2DAC1B}.Release|x86.ActiveCfg = Release|x86
		{7C50A9E5-657A-49C0-ADEF-0596CA2DAC1B}.Release|x86.Build.0 = Release|x86
		{48FDEC66-F431-4BAF-9ED1-5F4D8B05F113}.Debug|Any CPU.ActiveCfg = Debug|Any CPU
		{48FDEC66-F431-4BAF-9ED1-5F4D8B05F113}.Debug|Any CPU.Build.0 = Debug|Any CPU
		{48FDEC66-F431-4BAF-9ED1-5F4D8B05F113}.Debug|x64.ActiveCfg = Debug|Any CPU
		{48FDEC66-F431-4BAF-9ED1-5F4D8B05F113}.Debug|x64.Build.0 = Debug|Any CPU
		{48FDEC66-F431-4BAF-9ED1-5F4D8B05F113}.Debug|x86.ActiveCfg = Debug|Any CPU
		{48FDEC66-F431-4BAF-9ED1-5F4D8B05F113}.Debug|x86.Build.0 = Debug|Any CPU
		{48FDEC66-F431-4BAF-9ED1-5F4D8B05F113}.Release|Any CPU.ActiveCfg = Release|Any CPU
		{48FDEC66-F431-4BAF-9ED1-5F4D8B05F113}.Release|Any CPU.Build.0 = Release|Any CPU
		{48FDEC66-F431-4BAF-9ED1-5F4D8B05F113}.Release|x64.ActiveCfg = Release|Any CPU
		{48FDEC66-F431-4BAF-9ED1-5F4D8B05F113}.Release|x64.Build.0 = Release|Any CPU
		{48FDEC66-F431-4BAF-9ED1-5F4D8B05F113}.Release|x86.ActiveCfg = Release|Any CPU
		{48FDEC66-F431-4BAF-9ED1-5F4D8B05F113}.Release|x86.Build.0 = Release|Any CPU
	EndGlobalSection
	GlobalSection(SolutionProperties) = preSolution
		HideSolutionNode = FALSE
	EndGlobalSection
	GlobalSection(ExtensibilityGlobals) = postSolution
		SolutionGuid = {A1233876-7BA8-49AA-9CC2-027456FFF7C0}
	EndGlobalSection
EndGlobal
